// !$*UTF8*$!
{
	archiveVersion = 1;
	classes = {
	};
	objectVersion = 46;
	objects = {

/* Begin PBXBuildFile section */
		C66E16A8184BDFA10008FAC1 /* Foundation.framework in Frameworks */ = {isa = PBXBuildFile; fileRef = C66E16A7184BDFA10008FAC1 /* Foundation.framework */; };
		C66E16AA184BDFA10008FAC1 /* CoreGraphics.framework in Frameworks */ = {isa = PBXBuildFile; fileRef = C66E16A9184BDFA10008FAC1 /* CoreGraphics.framework */; };
		C66E16AC184BDFA10008FAC1 /* UIKit.framework in Frameworks */ = {isa = PBXBuildFile; fileRef = C66E16AB184BDFA10008FAC1 /* UIKit.framework */; };
		C66E16B2184BDFA10008FAC1 /* InfoPlist.strings in Resources */ = {isa = PBXBuildFile; fileRef = C66E16B0184BDFA10008FAC1 /* InfoPlist.strings */; };
		C66E16B4184BDFA10008FAC1 /* main.m in Sources */ = {isa = PBXBuildFile; fileRef = C66E16B3184BDFA10008FAC1 /* main.m */; };
		C66E16B8184BDFA10008FAC1 /* VWWAppDelegate.m in Sources */ = {isa = PBXBuildFile; fileRef = C66E16B7184BDFA10008FAC1 /* VWWAppDelegate.m */; };
		C66E16BB184BDFA10008FAC1 /* Main.storyboard in Resources */ = {isa = PBXBuildFile; fileRef = C66E16B9184BDFA10008FAC1 /* Main.storyboard */; };
		C66E16BE184BDFA10008FAC1 /* VWWFirstViewController.m in Sources */ = {isa = PBXBuildFile; fileRef = C66E16BD184BDFA10008FAC1 /* VWWFirstViewController.m */; };
		C66E16C1184BDFA10008FAC1 /* VWWSecondViewController.m in Sources */ = {isa = PBXBuildFile; fileRef = C66E16C0184BDFA10008FAC1 /* VWWSecondViewController.m */; };
		C66E16C3184BDFA10008FAC1 /* Images.xcassets in Resources */ = {isa = PBXBuildFile; fileRef = C66E16C2184BDFA10008FAC1 /* Images.xcassets */; };
		C66E16CA184BDFA10008FAC1 /* XCTest.framework in Frameworks */ = {isa = PBXBuildFile; fileRef = C66E16C9184BDFA10008FAC1 /* XCTest.framework */; };
		C66E16CB184BDFA10008FAC1 /* Foundation.framework in Frameworks */ = {isa = PBXBuildFile; fileRef = C66E16A7184BDFA10008FAC1 /* Foundation.framework */; };
		C66E16CC184BDFA10008FAC1 /* UIKit.framework in Frameworks */ = {isa = PBXBuildFile; fileRef = C66E16AB184BDFA10008FAC1 /* UIKit.framework */; };
		C66E16D4184BDFA10008FAC1 /* InfoPlist.strings in Resources */ = {isa = PBXBuildFile; fileRef = C66E16D2184BDFA10008FAC1 /* InfoPlist.strings */; };
		C66E16D6184BDFA10008FAC1 /* ColorBlind2Tests.m in Sources */ = {isa = PBXBuildFile; fileRef = C66E16D5184BDFA10008FAC1 /* ColorBlind2Tests.m */; };
		C66E16F2184BE0990008FAC1 /* VWWColors.m in Sources */ = {isa = PBXBuildFile; fileRef = C66E16EA184BE0990008FAC1 /* VWWColors.m */; };
		C66E16F3184BE0990008FAC1 /* VWWFileReader.m in Sources */ = {isa = PBXBuildFile; fileRef = C66E16EB184BE0990008FAC1 /* VWWFileReader.m */; };
		C66E16F4184BE0990008FAC1 /* VWWColor.m in Sources */ = {isa = PBXBuildFile; fileRef = C66E16EC184BE0990008FAC1 /* VWWColor.m */; };
		C66E16FC184BE2B30008FAC1 /* VWWUtility.m in Sources */ = {isa = PBXBuildFile; fileRef = C66E16FB184BE2B30008FAC1 /* VWWUtility.m */; };
		C66E1700184BE46E0008FAC1 /* colors_complex.csv in Resources */ = {isa = PBXBuildFile; fileRef = C66E16FE184BE46E0008FAC1 /* colors_complex.csv */; };
		C66E1701184BE46E0008FAC1 /* colors_simple.csv in Resources */ = {isa = PBXBuildFile; fileRef = C66E16FF184BE46E0008FAC1 /* colors_simple.csv */; };
		C66E1704184C06730008FAC1 /* VWWColorsTableViewController.m in Sources */ = {isa = PBXBuildFile; fileRef = C66E1703184C06730008FAC1 /* VWWColorsTableViewController.m */; };
		C66E1709184C07380008FAC1 /* VWWColorTableViewCell.m in Sources */ = {isa = PBXBuildFile; fileRef = C66E1708184C07380008FAC1 /* VWWColorTableViewCell.m */; };
/* End PBXBuildFile section */

/* Begin PBXContainerItemProxy section */
		C66E16CD184BDFA10008FAC1 /* PBXContainerItemProxy */ = {
			isa = PBXContainerItemProxy;
			containerPortal = C66E169C184BDFA10008FAC1 /* Project object */;
			proxyType = 1;
			remoteGlobalIDString = C66E16A3184BDFA10008FAC1;
			remoteInfo = ColorBlind2;
		};
/* End PBXContainerItemProxy section */

/* Begin PBXFileReference section */
		C66E16A4184BDFA10008FAC1 /* ColorBlind2.app */ = {isa = PBXFileReference; explicitFileType = wrapper.application; includeInIndex = 0; path = ColorBlind2.app; sourceTree = BUILT_PRODUCTS_DIR; };
		C66E16A7184BDFA10008FAC1 /* Foundation.framework */ = {isa = PBXFileReference; lastKnownFileType = wrapper.framework; name = Foundation.framework; path = System/Library/Frameworks/Foundation.framework; sourceTree = SDKROOT; };
		C66E16A9184BDFA10008FAC1 /* CoreGraphics.framework */ = {isa = PBXFileReference; lastKnownFileType = wrapper.framework; name = CoreGraphics.framework; path = System/Library/Frameworks/CoreGraphics.framework; sourceTree = SDKROOT; };
		C66E16AB184BDFA10008FAC1 /* UIKit.framework */ = {isa = PBXFileReference; lastKnownFileType = wrapper.framework; name = UIKit.framework; path = System/Library/Frameworks/UIKit.framework; sourceTree = SDKROOT; };
		C66E16AF184BDFA10008FAC1 /* ColorBlind2-Info.plist */ = {isa = PBXFileReference; lastKnownFileType = text.plist.xml; path = "ColorBlind2-Info.plist"; sourceTree = "<group>"; };
		C66E16B1184BDFA10008FAC1 /* en */ = {isa = PBXFileReference; lastKnownFileType = text.plist.strings; name = en; path = en.lproj/InfoPlist.strings; sourceTree = "<group>"; };
		C66E16B3184BDFA10008FAC1 /* main.m */ = {isa = PBXFileReference; lastKnownFileType = sourcecode.c.objc; path = main.m; sourceTree = "<group>"; };
		C66E16B5184BDFA10008FAC1 /* ColorBlind2-Prefix.pch */ = {isa = PBXFileReference; lastKnownFileType = sourcecode.c.h; path = "ColorBlind2-Prefix.pch"; sourceTree = "<group>"; };
		C66E16B6184BDFA10008FAC1 /* VWWAppDelegate.h */ = {isa = PBXFileReference; lastKnownFileType = sourcecode.c.h; path = VWWAppDelegate.h; sourceTree = "<group>"; };
		C66E16B7184BDFA10008FAC1 /* VWWAppDelegate.m */ = {isa = PBXFileReference; lastKnownFileType = sourcecode.c.objc; path = VWWAppDelegate.m; sourceTree = "<group>"; };
		C66E16BA184BDFA10008FAC1 /* Base */ = {isa = PBXFileReference; lastKnownFileType = file.storyboard; name = Base; path = Base.lproj/Main.storyboard; sourceTree = "<group>"; };
		C66E16BC184BDFA10008FAC1 /* VWWFirstViewController.h */ = {isa = PBXFileReference; lastKnownFileType = sourcecode.c.h; name = VWWFirstViewController.h; path = ../../VWWFirstViewController.h; sourceTree = "<group>"; };
		C66E16BD184BDFA10008FAC1 /* VWWFirstViewController.m */ = {isa = PBXFileReference; lastKnownFileType = sourcecode.c.objc; name = VWWFirstViewController.m; path = ../../VWWFirstViewController.m; sourceTree = "<group>"; };
		C66E16BF184BDFA10008FAC1 /* VWWSecondViewController.h */ = {isa = PBXFileReference; lastKnownFileType = sourcecode.c.h; name = VWWSecondViewController.h; path = ../../VWWSecondViewController.h; sourceTree = "<group>"; };
		C66E16C0184BDFA10008FAC1 /* VWWSecondViewController.m */ = {isa = PBXFileReference; lastKnownFileType = sourcecode.c.objc; name = VWWSecondViewController.m; path = ../../VWWSecondViewController.m; sourceTree = "<group>"; };
		C66E16C2184BDFA10008FAC1 /* Images.xcassets */ = {isa = PBXFileReference; lastKnownFileType = folder.assetcatalog; path = Images.xcassets; sourceTree = "<group>"; };
		C66E16C8184BDFA10008FAC1 /* ColorBlind2Tests.xctest */ = {isa = PBXFileReference; explicitFileType = wrapper.cfbundle; includeInIndex = 0; path = ColorBlind2Tests.xctest; sourceTree = BUILT_PRODUCTS_DIR; };
		C66E16C9184BDFA10008FAC1 /* XCTest.framework */ = {isa = PBXFileReference; lastKnownFileType = wrapper.framework; name = XCTest.framework; path = Library/Frameworks/XCTest.framework; sourceTree = DEVELOPER_DIR; };
		C66E16D1184BDFA10008FAC1 /* ColorBlind2Tests-Info.plist */ = {isa = PBXFileReference; lastKnownFileType = text.plist.xml; path = "ColorBlind2Tests-Info.plist"; sourceTree = "<group>"; };
		C66E16D3184BDFA10008FAC1 /* en */ = {isa = PBXFileReference; lastKnownFileType = text.plist.strings; name = en; path = en.lproj/InfoPlist.strings; sourceTree = "<group>"; };
		C66E16D5184BDFA10008FAC1 /* ColorBlind2Tests.m */ = {isa = PBXFileReference; lastKnownFileType = sourcecode.c.objc; path = ColorBlind2Tests.m; sourceTree = "<group>"; };
		C66E16EA184BE0990008FAC1 /* VWWColors.m */ = {isa = PBXFileReference; fileEncoding = 4; lastKnownFileType = sourcecode.c.objc; path = VWWColors.m; sourceTree = "<group>"; };
		C66E16EB184BE0990008FAC1 /* VWWFileReader.m */ = {isa = PBXFileReference; fileEncoding = 4; lastKnownFileType = sourcecode.c.objc; path = VWWFileReader.m; sourceTree = "<group>"; };
		C66E16EC184BE0990008FAC1 /* VWWColor.m */ = {isa = PBXFileReference; fileEncoding = 4; lastKnownFileType = sourcecode.c.objc; path = VWWColor.m; sourceTree = "<group>"; };
		C66E16EE184BE0990008FAC1 /* VWWFileReader.h */ = {isa = PBXFileReference; fileEncoding = 4; lastKnownFileType = sourcecode.c.h; path = VWWFileReader.h; sourceTree = "<group>"; };
		C66E16EF184BE0990008FAC1 /* VWWColor.h */ = {isa = PBXFileReference; fileEncoding = 4; lastKnownFileType = sourcecode.c.h; path = VWWColor.h; sourceTree = "<group>"; };
		C66E16F0184BE0990008FAC1 /* VWWColors.h */ = {isa = PBXFileReference; fileEncoding = 4; lastKnownFileType = sourcecode.c.h; path = VWWColors.h; sourceTree = "<group>"; };
		C66E16FA184BE2B30008FAC1 /* VWWUtility.h */ = {isa = PBXFileReference; fileEncoding = 4; lastKnownFileType = sourcecode.c.h; name = VWWUtility.h; path = Utilities/VWWUtility.h; sourceTree = "<group>"; };
		C66E16FB184BE2B30008FAC1 /* VWWUtility.m */ = {isa = PBXFileReference; fileEncoding = 4; lastKnownFileType = sourcecode.c.objc; name = VWWUtility.m; path = Utilities/VWWUtility.m; sourceTree = "<group>"; };
		C66E16FE184BE46E0008FAC1 /* colors_complex.csv */ = {isa = PBXFileReference; fileEncoding = 4; lastKnownFileType = text; path = colors_complex.csv; sourceTree = "<group>"; };
		C66E16FF184BE46E0008FAC1 /* colors_simple.csv */ = {isa = PBXFileReference; fileEncoding = 4; lastKnownFileType = text; path = colors_simple.csv; sourceTree = "<group>"; };
		C66E1702184C06730008FAC1 /* VWWColorsTableViewController.h */ = {isa = PBXFileReference; fileEncoding = 4; lastKnownFileType = sourcecode.c.h; path = VWWColorsTableViewController.h; sourceTree = "<group>"; };
		C66E1703184C06730008FAC1 /* VWWColorsTableViewController.m */ = {isa = PBXFileReference; fileEncoding = 4; lastKnownFileType = sourcecode.c.objc; path = VWWColorsTableViewController.m; sourceTree = "<group>"; };
		C66E1707184C07380008FAC1 /* VWWColorTableViewCell.h */ = {isa = PBXFileReference; fileEncoding = 4; lastKnownFileType = sourcecode.c.h; path = VWWColorTableViewCell.h; sourceTree = "<group>"; };
		C66E1708184C07380008FAC1 /* VWWColorTableViewCell.m */ = {isa = PBXFileReference; fileEncoding = 4; lastKnownFileType = sourcecode.c.objc; path = VWWColorTableViewCell.m; sourceTree = "<group>"; };
/* End PBXFileReference section */

/* Begin PBXFrameworksBuildPhase section */
		C66E16A1184BDFA10008FAC1 /* Frameworks */ = {
			isa = PBXFrameworksBuildPhase;
			buildActionMask = 2147483647;
			files = (
				C66E16AA184BDFA10008FAC1 /* CoreGraphics.framework in Frameworks */,
				C66E16AC184BDFA10008FAC1 /* UIKit.framework in Frameworks */,
				C66E16A8184BDFA10008FAC1 /* Foundation.framework in Frameworks */,
			);
			runOnlyForDeploymentPostprocessing = 0;
		};
		C66E16C5184BDFA10008FAC1 /* Frameworks */ = {
			isa = PBXFrameworksBuildPhase;
			buildActionMask = 2147483647;
			files = (
				C66E16CA184BDFA10008FAC1 /* XCTest.framework in Frameworks */,
				C66E16CC184BDFA10008FAC1 /* UIKit.framework in Frameworks */,
				C66E16CB184BDFA10008FAC1 /* Foundation.framework in Frameworks */,
			);
			runOnlyForDeploymentPostprocessing = 0;
		};
/* End PBXFrameworksBuildPhase section */

/* Begin PBXGroup section */
		C66E169B184BDFA10008FAC1 = {
			isa = PBXGroup;
			children = (
				C66E16AD184BDFA10008FAC1 /* ColorBlind2 */,
				C66E16CF184BDFA10008FAC1 /* ColorBlind2Tests */,
				C66E16A6184BDFA10008FAC1 /* Frameworks */,
				C66E16A5184BDFA10008FAC1 /* Products */,
			);
			sourceTree = "<group>";
		};
		C66E16A5184BDFA10008FAC1 /* Products */ = {
			isa = PBXGroup;
			children = (
				C66E16A4184BDFA10008FAC1 /* ColorBlind2.app */,
				C66E16C8184BDFA10008FAC1 /* ColorBlind2Tests.xctest */,
			);
			name = Products;
			sourceTree = "<group>";
		};
		C66E16A6184BDFA10008FAC1 /* Frameworks */ = {
			isa = PBXGroup;
			children = (
				C66E16A7184BDFA10008FAC1 /* Foundation.framework */,
				C66E16A9184BDFA10008FAC1 /* CoreGraphics.framework */,
				C66E16AB184BDFA10008FAC1 /* UIKit.framework */,
				C66E16C9184BDFA10008FAC1 /* XCTest.framework */,
			);
			name = Frameworks;
			sourceTree = "<group>";
		};
		C66E16AD184BDFA10008FAC1 /* ColorBlind2 */ = {
			isa = PBXGroup;
			children = (
				C66E16E6184BE04C0008FAC1 /* Controllers */,
				C66E16FD184BE46E0008FAC1 /* Documents */,
				C66E16C2184BDFA10008FAC1 /* Images.xcassets */,
				C66E16E0184BDFB70008FAC1 /* Models */,
				C66E16AE184BDFA10008FAC1 /* Supporting Files */,
				C66E16E9184BE0610008FAC1 /* User Interface */,
				C66E16F6184BE2420008FAC1 /* Utility */,
			);
			path = ColorBlind2;
			sourceTree = "<group>";
		};
		C66E16AE184BDFA10008FAC1 /* Supporting Files */ = {
			isa = PBXGroup;
			children = (
				C66E16B6184BDFA10008FAC1 /* VWWAppDelegate.h */,
				C66E16B7184BDFA10008FAC1 /* VWWAppDelegate.m */,
				C66E16AF184BDFA10008FAC1 /* ColorBlind2-Info.plist */,
				C66E16B0184BDFA10008FAC1 /* InfoPlist.strings */,
				C66E16B3184BDFA10008FAC1 /* main.m */,
				C66E16B5184BDFA10008FAC1 /* ColorBlind2-Prefix.pch */,
			);
			name = "Supporting Files";
			sourceTree = "<group>";
		};
		C66E16CF184BDFA10008FAC1 /* ColorBlind2Tests */ = {
			isa = PBXGroup;
			children = (
				C66E16D5184BDFA10008FAC1 /* ColorBlind2Tests.m */,
				C66E16D0184BDFA10008FAC1 /* Supporting Files */,
			);
			path = ColorBlind2Tests;
			sourceTree = "<group>";
		};
		C66E16D0184BDFA10008FAC1 /* Supporting Files */ = {
			isa = PBXGroup;
			children = (
				C66E16D1184BDFA10008FAC1 /* ColorBlind2Tests-Info.plist */,
				C66E16D2184BDFA10008FAC1 /* InfoPlist.strings */,
			);
			name = "Supporting Files";
			sourceTree = "<group>";
		};
		C66E16E0184BDFB70008FAC1 /* Models */ = {
			isa = PBXGroup;
			children = (
			);
			name = Models;
			sourceTree = "<group>";
		};
		C66E16E6184BE04C0008FAC1 /* Controllers */ = {
			isa = PBXGroup;
			children = (
				C66E16E7184BE04C0008FAC1 /* GUI */,
				C66E16E8184BE04C0008FAC1 /* Non-GUI */,
			);
			path = Controllers;
			sourceTree = "<group>";
		};
		C66E16E7184BE04C0008FAC1 /* GUI */ = {
			isa = PBXGroup;
			children = (
				C66E1705184C07150008FAC1 /* Table */,
				C66E16BC184BDFA10008FAC1 /* VWWFirstViewController.h */,
				C66E16BD184BDFA10008FAC1 /* VWWFirstViewController.m */,
				C66E16BF184BDFA10008FAC1 /* VWWSecondViewController.h */,
				C66E16C0184BDFA10008FAC1 /* VWWSecondViewController.m */,
			);
			path = GUI;
			sourceTree = "<group>";
		};
		C66E16E8184BE04C0008FAC1 /* Non-GUI */ = {
			isa = PBXGroup;
			children = (
				C66E16EF184BE0990008FAC1 /* VWWColor.h */,
				C66E16EC184BE0990008FAC1 /* VWWColor.m */,
				C66E16F0184BE0990008FAC1 /* VWWColors.h */,
				C66E16EA184BE0990008FAC1 /* VWWColors.m */,
				C66E16EE184BE0990008FAC1 /* VWWFileReader.h */,
				C66E16EB184BE0990008FAC1 /* VWWFileReader.m */,
			);
			path = "Non-GUI";
			sourceTree = "<group>";
		};
		C66E16E9184BE0610008FAC1 /* User Interface */ = {
			isa = PBXGroup;
			children = (
				C66E16B9184BDFA10008FAC1 /* Main.storyboard */,
			);
			name = "User Interface";
			sourceTree = "<group>";
		};
		C66E16F6184BE2420008FAC1 /* Utility */ = {
			isa = PBXGroup;
			children = (
				C66E16FA184BE2B30008FAC1 /* VWWUtility.h */,
				C66E16FB184BE2B30008FAC1 /* VWWUtility.m */,
			);
			name = Utility;
			sourceTree = "<group>";
		};
		C66E16FD184BE46E0008FAC1 /* Documents */ = {
			isa = PBXGroup;
			children = (
				C66E16FE184BE46E0008FAC1 /* colors_complex.csv */,
				C66E16FF184BE46E0008FAC1 /* colors_simple.csv */,
			);
			path = Documents;
			sourceTree = "<group>";
		};
		C66E1705184C07150008FAC1 /* Table */ = {
			isa = PBXGroup;
			children = (
				C66E1706184C071E0008FAC1 /* Cell */,
				C66E1702184C06730008FAC1 /* VWWColorsTableViewController.h */,
				C66E1703184C06730008FAC1 /* VWWColorsTableViewController.m */,
			);
			name = Table;
			sourceTree = "<group>";
		};
		C66E1706184C071E0008FAC1 /* Cell */ = {
			isa = PBXGroup;
			children = (
				C66E1707184C07380008FAC1 /* VWWColorTableViewCell.h */,
				C66E1708184C07380008FAC1 /* VWWColorTableViewCell.m */,
			);
			name = Cell;
			sourceTree = "<group>";
		};
/* End PBXGroup section */

/* Begin PBXNativeTarget section */
		C66E16A3184BDFA10008FAC1 /* ColorBlind2 */ = {
			isa = PBXNativeTarget;
			buildConfigurationList = C66E16D9184BDFA10008FAC1 /* Build configuration list for PBXNativeTarget "ColorBlind2" */;
			buildPhases = (
				C66E16A0184BDFA10008FAC1 /* Sources */,
				C66E16A1184BDFA10008FAC1 /* Frameworks */,
				C66E16A2184BDFA10008FAC1 /* Resources */,
			);
			buildRules = (
			);
			dependencies = (
			);
			name = ColorBlind2;
			productName = ColorBlind2;
			productReference = C66E16A4184BDFA10008FAC1 /* ColorBlind2.app */;
			productType = "com.apple.product-type.application";
		};
		C66E16C7184BDFA10008FAC1 /* ColorBlind2Tests */ = {
			isa = PBXNativeTarget;
			buildConfigurationList = C66E16DC184BDFA10008FAC1 /* Build configuration list for PBXNativeTarget "ColorBlind2Tests" */;
			buildPhases = (
				C66E16C4184BDFA10008FAC1 /* Sources */,
				C66E16C5184BDFA10008FAC1 /* Frameworks */,
				C66E16C6184BDFA10008FAC1 /* Resources */,
			);
			buildRules = (
			);
			dependencies = (
				C66E16CE184BDFA10008FAC1 /* PBXTargetDependency */,
			);
			name = ColorBlind2Tests;
			productName = ColorBlind2Tests;
			productReference = C66E16C8184BDFA10008FAC1 /* ColorBlind2Tests.xctest */;
			productType = "com.apple.product-type.bundle.unit-test";
		};
/* End PBXNativeTarget section */

/* Begin PBXProject section */
		C66E169C184BDFA10008FAC1 /* Project object */ = {
			isa = PBXProject;
			attributes = {
				CLASSPREFIX = VWW;
				LastUpgradeCheck = 0500;
				ORGANIZATIONNAME = "Zakk Hoyt";
				TargetAttributes = {
					C66E16C7184BDFA10008FAC1 = {
						TestTargetID = C66E16A3184BDFA10008FAC1;
					};
				};
			};
			buildConfigurationList = C66E169F184BDFA10008FAC1 /* Build configuration list for PBXProject "ColorBlind2" */;
			compatibilityVersion = "Xcode 3.2";
			developmentRegion = English;
			hasScannedForEncodings = 0;
			knownRegions = (
				en,
				Base,
			);
			mainGroup = C66E169B184BDFA10008FAC1;
			productRefGroup = C66E16A5184BDFA10008FAC1 /* Products */;
			projectDirPath = "";
			projectRoot = "";
			targets = (
				C66E16A3184BDFA10008FAC1 /* ColorBlind2 */,
				C66E16C7184BDFA10008FAC1 /* ColorBlind2Tests */,
			);
		};
/* End PBXProject section */

/* Begin PBXResourcesBuildPhase section */
		C66E16A2184BDFA10008FAC1 /* Resources */ = {
			isa = PBXResourcesBuildPhase;
			buildActionMask = 2147483647;
			files = (
				C66E16C3184BDFA10008FAC1 /* Images.xcassets in Resources */,
				C66E1700184BE46E0008FAC1 /* colors_complex.csv in Resources */,
				C66E1701184BE46E0008FAC1 /* colors_simple.csv in Resources */,
				C66E16B2184BDFA10008FAC1 /* InfoPlist.strings in Resources */,
				C66E16BB184BDFA10008FAC1 /* Main.storyboard in Resources */,
			);
			runOnlyForDeploymentPostprocessing = 0;
		};
		C66E16C6184BDFA10008FAC1 /* Resources */ = {
			isa = PBXResourcesBuildPhase;
			buildActionMask = 2147483647;
			files = (
				C66E16D4184BDFA10008FAC1 /* InfoPlist.strings in Resources */,
			);
			runOnlyForDeploymentPostprocessing = 0;
		};
/* End PBXResourcesBuildPhase section */

/* Begin PBXSourcesBuildPhase section */
		C66E16A0184BDFA10008FAC1 /* Sources */ = {
			isa = PBXSourcesBuildPhase;
			buildActionMask = 2147483647;
			files = (
				C66E16B4184BDFA10008FAC1 /* main.m in Sources */,
				C66E16F3184BE0990008FAC1 /* VWWFileReader.m in Sources */,
				C66E16B8184BDFA10008FAC1 /* VWWAppDelegate.m in Sources */,
				C66E1704184C06730008FAC1 /* VWWColorsTableViewController.m in Sources */,
				C66E16BE184BDFA10008FAC1 /* VWWFirstViewController.m in Sources */,
				C66E16F2184BE0990008FAC1 /* VWWColors.m in Sources */,
				C66E16C1184BDFA10008FAC1 /* VWWSecondViewController.m in Sources */,
				C66E16F4184BE0990008FAC1 /* VWWColor.m in Sources */,
				C66E1709184C07380008FAC1 /* VWWColorTableViewCell.m in Sources */,
				C66E16FC184BE2B30008FAC1 /* VWWUtility.m in Sources */,
			);
			runOnlyForDeploymentPostprocessing = 0;
		};
		C66E16C4184BDFA10008FAC1 /* Sources */ = {
			isa = PBXSourcesBuildPhase;
			buildActionMask = 2147483647;
			files = (
				C66E16D6184BDFA10008FAC1 /* ColorBlind2Tests.m in Sources */,
			);
			runOnlyForDeploymentPostprocessing = 0;
		};
/* End PBXSourcesBuildPhase section */

/* Begin PBXTargetDependency section */
		C66E16CE184BDFA10008FAC1 /* PBXTargetDependency */ = {
			isa = PBXTargetDependency;
			target = C66E16A3184BDFA10008FAC1 /* ColorBlind2 */;
			targetProxy = C66E16CD184BDFA10008FAC1 /* PBXContainerItemProxy */;
		};
/* End PBXTargetDependency section */

/* Begin PBXVariantGroup section */
		C66E16B0184BDFA10008FAC1 /* InfoPlist.strings */ = {
			isa = PBXVariantGroup;
			children = (
				C66E16B1184BDFA10008FAC1 /* en */,
			);
			name = InfoPlist.strings;
			sourceTree = "<group>";
		};
		C66E16B9184BDFA10008FAC1 /* Main.storyboard */ = {
			isa = PBXVariantGroup;
			children = (
				C66E16BA184BDFA10008FAC1 /* Base */,
			);
			name = Main.storyboard;
			sourceTree = "<group>";
		};
		C66E16D2184BDFA10008FAC1 /* InfoPlist.strings */ = {
			isa = PBXVariantGroup;
			children = (
				C66E16D3184BDFA10008FAC1 /* en */,
			);
			name = InfoPlist.strings;
			sourceTree = "<group>";
		};
/* End PBXVariantGroup section */

/* Begin XCBuildConfiguration section */
		C66E16D7184BDFA10008FAC1 /* Debug */ = {
			isa = XCBuildConfiguration;
			buildSettings = {
				ALWAYS_SEARCH_USER_PATHS = NO;
				ARCHS = "$(ARCHS_STANDARD_INCLUDING_64_BIT)";
				CLANG_CXX_LANGUAGE_STANDARD = "gnu++0x";
				CLANG_CXX_LIBRARY = "libc++";
				CLANG_ENABLE_MODULES = YES;
				CLANG_ENABLE_OBJC_ARC = YES;
				CLANG_WARN_BOOL_CONVERSION = YES;
				CLANG_WARN_CONSTANT_CONVERSION = YES;
				CLANG_WARN_DIRECT_OBJC_ISA_USAGE = YES_ERROR;
				CLANG_WARN_EMPTY_BODY = YES;
				CLANG_WARN_ENUM_CONVERSION = YES;
				CLANG_WARN_INT_CONVERSION = YES;
				CLANG_WARN_OBJC_ROOT_CLASS = YES_ERROR;
				CLANG_WARN__DUPLICATE_METHOD_MATCH = YES;
				"CODE_SIGN_IDENTITY[sdk=iphoneos*]" = "iPhone Developer";
				COPY_PHASE_STRIP = NO;
				GCC_C_LANGUAGE_STANDARD = gnu99;
				GCC_DYNAMIC_NO_PIC = NO;
				GCC_OPTIMIZATION_LEVEL = 0;
				GCC_PREPROCESSOR_DEFINITIONS = (
					"DEBUG=1",
					"$(inherited)",
				);
				GCC_SYMBOLS_PRIVATE_EXTERN = NO;
				GCC_WARN_64_TO_32_BIT_CONVERSION = YES;
				GCC_WARN_ABOUT_RETURN_TYPE = YES_ERROR;
				GCC_WARN_UNDECLARED_SELECTOR = YES;
				GCC_WARN_UNINITIALIZED_AUTOS = YES;
				GCC_WARN_UNUSED_FUNCTION = YES;
				GCC_WARN_UNUSED_VARIABLE = YES;
				IPHONEOS_DEPLOYMENT_TARGET = 7.0;
				ONLY_ACTIVE_ARCH = YES;
				SDKROOT = iphoneos;
			};
			name = Debug;
		};
		C66E16D8184BDFA10008FAC1 /* Release */ = {
			isa = XCBuildConfiguration;
			buildSettings = {
				ALWAYS_SEARCH_USER_PATHS = NO;
				ARCHS = "$(ARCHS_STANDARD_INCLUDING_64_BIT)";
				CLANG_CXX_LANGUAGE_STANDARD = "gnu++0x";
				CLANG_CXX_LIBRARY = "libc++";
				CLANG_ENABLE_MODULES = YES;
				CLANG_ENABLE_OBJC_ARC = YES;
				CLANG_WARN_BOOL_CONVERSION = YES;
				CLANG_WARN_CONSTANT_CONVERSION = YES;
				CLANG_WARN_DIRECT_OBJC_ISA_USAGE = YES_ERROR;
				CLANG_WARN_EMPTY_BODY = YES;
				CLANG_WARN_ENUM_CONVERSION = YES;
				CLANG_WARN_INT_CONVERSION = YES;
				CLANG_WARN_OBJC_ROOT_CLASS = YES_ERROR;
				CLANG_WARN__DUPLICATE_METHOD_MATCH = YES;
				"CODE_SIGN_IDENTITY[sdk=iphoneos*]" = "iPhone Developer";
				COPY_PHASE_STRIP = YES;
				ENABLE_NS_ASSERTIONS = NO;
				GCC_C_LANGUAGE_STANDARD = gnu99;
				GCC_WARN_64_TO_32_BIT_CONVERSION = YES;
				GCC_WARN_ABOUT_RETURN_TYPE = YES_ERROR;
				GCC_WARN_UNDECLARED_SELECTOR = YES;
				GCC_WARN_UNINITIALIZED_AUTOS = YES;
				GCC_WARN_UNUSED_FUNCTION = YES;
				GCC_WARN_UNUSED_VARIABLE = YES;
				IPHONEOS_DEPLOYMENT_TARGET = 7.0;
				SDKROOT = iphoneos;
				VALIDATE_PRODUCT = YES;
			};
			name = Release;
		};
		C66E16DA184BDFA10008FAC1 /* Debug */ = {
			isa = XCBuildConfiguration;
			buildSettings = {
				ASSETCATALOG_COMPILER_APPICON_NAME = AppIcon;
				ASSETCATALOG_COMPILER_LAUNCHIMAGE_NAME = LaunchImage;
				GCC_PRECOMPILE_PREFIX_HEADER = YES;
				GCC_PREFIX_HEADER = "ColorBlind2/ColorBlind2-Prefix.pch";
				INFOPLIST_FILE = "ColorBlind2/ColorBlind2-Info.plist";
				PRODUCT_NAME = "$(TARGET_NAME)";
				WRAPPER_EXTENSION = app;
			};
			name = Debug;
		};
		C66E16DB184BDFA10008FAC1 /* Release */ = {
			isa = XCBuildConfiguration;
			buildSettings = {
				ASSETCATALOG_COMPILER_APPICON_NAME = AppIcon;
				ASSETCATALOG_COMPILER_LAUNCHIMAGE_NAME = LaunchImage;
				GCC_PRECOMPILE_PREFIX_HEADER = YES;
				GCC_PREFIX_HEADER = "ColorBlind2/ColorBlind2-Prefix.pch";
				INFOPLIST_FILE = "ColorBlind2/ColorBlind2-Info.plist";
				PRODUCT_NAME = "$(TARGET_NAME)";
				WRAPPER_EXTENSION = app;
			};
			name = Release;
		};
		C66E16DD184BDFA10008FAC1 /* Debug */ = {
			isa = XCBuildConfiguration;
			buildSettings = {
				ARCHS = "$(ARCHS_STANDARD_INCLUDING_64_BIT)";
				BUNDLE_LOADER = "$(BUILT_PRODUCTS_DIR)/ColorBlind2.app/ColorBlind2";
				FRAMEWORK_SEARCH_PATHS = (
					"$(SDKROOT)/Developer/Library/Frameworks",
					"$(inherited)",
					"$(DEVELOPER_FRAMEWORKS_DIR)",
				);
				GCC_PRECOMPILE_PREFIX_HEADER = YES;
				GCC_PREFIX_HEADER = "ColorBlind2/ColorBlind2-Prefix.pch";
				GCC_PREPROCESSOR_DEFINITIONS = (
					"DEBUG=1",
					"$(inherited)",
				);
				INFOPLIST_FILE = "ColorBlind2Tests/ColorBlind2Tests-Info.plist";
				PRODUCT_NAME = "$(TARGET_NAME)";
				TEST_HOST = "$(BUNDLE_LOADER)";
				WRAPPER_EXTENSION = xctest;
			};
			name = Debug;
		};
		C66E16DE184BDFA10008FAC1 /* Release */ = {
			isa = XCBuildConfiguration;
			buildSettings = {
				ARCHS = "$(ARCHS_STANDARD_INCLUDING_64_BIT)";
				BUNDLE_LOADER = "$(BUILT_PRODUCTS_DIR)/ColorBlind2.app/ColorBlind2";
				FRAMEWORK_SEARCH_PATHS = (
					"$(SDKROOT)/Developer/Library/Frameworks",
					"$(inherited)",
					"$(DEVELOPER_FRAMEWORKS_DIR)",
				);
				GCC_PRECOMPILE_PREFIX_HEADER = YES;
				GCC_PREFIX_HEADER = "ColorBlind2/ColorBlind2-Prefix.pch";
				INFOPLIST_FILE = "ColorBlind2Tests/ColorBlind2Tests-Info.plist";
				PRODUCT_NAME = "$(TARGET_NAME)";
				TEST_HOST = "$(BUNDLE_LOADER)";
				WRAPPER_EXTENSION = xctest;
			};
			name = Release;
		};
/* End XCBuildConfiguration section */

/* Begin XCConfigurationList section */
		C66E169F184BDFA10008FAC1 /* Build configuration list for PBXProject "ColorBlind2" */ = {
			isa = XCConfigurationList;
			buildConfigurations = (
				C66E16D7184BDFA10008FAC1 /* Debug */,
				C66E16D8184BDFA10008FAC1 /* Release */,
			);
			defaultConfigurationIsVisible = 0;
			defaultConfigurationName = Release;
		};
		C66E16D9184BDFA10008FAC1 /* Build configuration list for PBXNativeTarget "ColorBlind2" */ = {
			isa = XCConfigurationList;
			buildConfigurations = (
				C66E16DA184BDFA10008FAC1 /* Debug */,
				C66E16DB184BDFA10008FAC1 /* Release */,
			);
			defaultConfigurationIsVisible = 0;
		};
		C66E16DC184BDFA10008FAC1 /* Build configuration list for PBXNativeTarget "ColorBlind2Tests" */ = {
			isa = XCConfigurationList;
			buildConfigurations = (
				C66E16DD184BDFA10008FAC1 /* Debug */,
				C66E16DE184BDFA10008FAC1 /* Release */,
			);
			defaultConfigurationIsVisible = 0;
		};
/* End XCConfigurationList section */
	};
	rootObject = C66E169C184BDFA10008FAC1 /* Project object */;
}
