// !$*UTF8*$!
{
	archiveVersion = 1;
	classes = {
	};
	objectVersion = 46;
	objects = {

/* Begin PBXBuildFile section */
		C610CAE918541CBF002A3820 /* VWWFloatingColorViewController.m in Sources */ = {isa = PBXBuildFile; fileRef = C610CAE818541CBF002A3820 /* VWWFloatingColorViewController.m */; };
		C610CAED18543A05002A3820 /* VWWMixerViewController.m in Sources */ = {isa = PBXBuildFile; fileRef = C610CAEC18543A05002A3820 /* VWWMixerViewController.m */; };
		C6311209184C68E200BE02BA /* VWWColorViewController.m in Sources */ = {isa = PBXBuildFile; fileRef = C6311208184C68E200BE02BA /* VWWColorViewController.m */; };
		C631120E184C697900BE02BA /* VWWColorView.m in Sources */ = {isa = PBXBuildFile; fileRef = C631120D184C697900BE02BA /* VWWColorView.m */; };
		C6311211184C698700BE02BA /* VWWCrosshairView.m in Sources */ = {isa = PBXBuildFile; fileRef = C6311210184C698700BE02BA /* VWWCrosshairView.m */; };
		C66E16A8184BDFA10008FAC1 /* Foundation.framework in Frameworks */ = {isa = PBXBuildFile; fileRef = C66E16A7184BDFA10008FAC1 /* Foundation.framework */; };
		C66E16AA184BDFA10008FAC1 /* CoreGraphics.framework in Frameworks */ = {isa = PBXBuildFile; fileRef = C66E16A9184BDFA10008FAC1 /* CoreGraphics.framework */; };
		C66E16AC184BDFA10008FAC1 /* UIKit.framework in Frameworks */ = {isa = PBXBuildFile; fileRef = C66E16AB184BDFA10008FAC1 /* UIKit.framework */; };
		C66E16B2184BDFA10008FAC1 /* InfoPlist.strings in Resources */ = {isa = PBXBuildFile; fileRef = C66E16B0184BDFA10008FAC1 /* InfoPlist.strings */; };
		C66E16B4184BDFA10008FAC1 /* main.m in Sources */ = {isa = PBXBuildFile; fileRef = C66E16B3184BDFA10008FAC1 /* main.m */; };
		C66E16B8184BDFA10008FAC1 /* VWWAppDelegate.m in Sources */ = {isa = PBXBuildFile; fileRef = C66E16B7184BDFA10008FAC1 /* VWWAppDelegate.m */; };
		C66E16BB184BDFA10008FAC1 /* Main.storyboard in Resources */ = {isa = PBXBuildFile; fileRef = C66E16B9184BDFA10008FAC1 /* Main.storyboard */; };
		C66E16C3184BDFA10008FAC1 /* Images.xcassets in Resources */ = {isa = PBXBuildFile; fileRef = C66E16C2184BDFA10008FAC1 /* Images.xcassets */; };
		C66E16CA184BDFA10008FAC1 /* XCTest.framework in Frameworks */ = {isa = PBXBuildFile; fileRef = C66E16C9184BDFA10008FAC1 /* XCTest.framework */; };
		C66E16CB184BDFA10008FAC1 /* Foundation.framework in Frameworks */ = {isa = PBXBuildFile; fileRef = C66E16A7184BDFA10008FAC1 /* Foundation.framework */; };
		C66E16CC184BDFA10008FAC1 /* UIKit.framework in Frameworks */ = {isa = PBXBuildFile; fileRef = C66E16AB184BDFA10008FAC1 /* UIKit.framework */; };
		C66E16D4184BDFA10008FAC1 /* InfoPlist.strings in Resources */ = {isa = PBXBuildFile; fileRef = C66E16D2184BDFA10008FAC1 /* InfoPlist.strings */; };
		C66E16D6184BDFA10008FAC1 /* ColorBlind2Tests.m in Sources */ = {isa = PBXBuildFile; fileRef = C66E16D5184BDFA10008FAC1 /* ColorBlind2Tests.m */; };
		C66E16F2184BE0990008FAC1 /* VWWColors.m in Sources */ = {isa = PBXBuildFile; fileRef = C66E16EA184BE0990008FAC1 /* VWWColors.m */; };
		C66E16F3184BE0990008FAC1 /* VWWFileReader.m in Sources */ = {isa = PBXBuildFile; fileRef = C66E16EB184BE0990008FAC1 /* VWWFileReader.m */; };
		C66E16F4184BE0990008FAC1 /* VWWColor.m in Sources */ = {isa = PBXBuildFile; fileRef = C66E16EC184BE0990008FAC1 /* VWWColor.m */; };
		C66E16FC184BE2B30008FAC1 /* VWWUtility.m in Sources */ = {isa = PBXBuildFile; fileRef = C66E16FB184BE2B30008FAC1 /* VWWUtility.m */; };
		C66E1700184BE46E0008FAC1 /* colors_complex.csv in Resources */ = {isa = PBXBuildFile; fileRef = C66E16FE184BE46E0008FAC1 /* colors_complex.csv */; };
		C66E1701184BE46E0008FAC1 /* colors_simple.csv in Resources */ = {isa = PBXBuildFile; fileRef = C66E16FF184BE46E0008FAC1 /* colors_simple.csv */; };
		C66E1704184C06730008FAC1 /* VWWColorsTableViewController.m in Sources */ = {isa = PBXBuildFile; fileRef = C66E1703184C06730008FAC1 /* VWWColorsTableViewController.m */; };
		C66E1709184C07380008FAC1 /* VWWColorTableViewCell.m in Sources */ = {isa = PBXBuildFile; fileRef = C66E1708184C07380008FAC1 /* VWWColorTableViewCell.m */; };
		C66ECD13184C1DEA003691D6 /* VWWColorsCollectionViewController.m in Sources */ = {isa = PBXBuildFile; fileRef = C66ECD12184C1DEA003691D6 /* VWWColorsCollectionViewController.m */; };
		C66ECD19184C1E11003691D6 /* VWWColorCollectionViewFlowCell.m in Sources */ = {isa = PBXBuildFile; fileRef = C66ECD18184C1E11003691D6 /* VWWColorCollectionViewFlowCell.m */; };
		C66ECD1C184C1E25003691D6 /* VWWColorCollectionViewFlowLayout.m in Sources */ = {isa = PBXBuildFile; fileRef = C66ECD1B184C1E25003691D6 /* VWWColorCollectionViewFlowLayout.m */; };
		C66ECD1F184C228B003691D6 /* VWWColorCollectionViewCircleLayout.m in Sources */ = {isa = PBXBuildFile; fileRef = C66ECD1E184C228B003691D6 /* VWWColorCollectionViewCircleLayout.m */; };
		C66ECD22184C2820003691D6 /* VWWColorCollectionViewCircleCell.m in Sources */ = {isa = PBXBuildFile; fileRef = C66ECD21184C2820003691D6 /* VWWColorCollectionViewCircleCell.m */; };
		C66ECD25184C2AE6003691D6 /* VWWColorCollectionReusableFlowView.m in Sources */ = {isa = PBXBuildFile; fileRef = C66ECD24184C2AE6003691D6 /* VWWColorCollectionReusableFlowView.m */; };
		C66ECD29184C41B7003691D6 /* VWWWelcomeViewController.m in Sources */ = {isa = PBXBuildFile; fileRef = C66ECD28184C41B7003691D6 /* VWWWelcomeViewController.m */; };
		C66ECD2B184C421F003691D6 /* about.html in Resources */ = {isa = PBXBuildFile; fileRef = C66ECD2A184C421F003691D6 /* about.html */; };
		C66ECD2D184C455F003691D6 /* about.txt in Resources */ = {isa = PBXBuildFile; fileRef = C66ECD2C184C455F003691D6 /* about.txt */; };
		C66ECD31184C534F003691D6 /* VWWCaptureViewController.m in Sources */ = {isa = PBXBuildFile; fileRef = C66ECD30184C534F003691D6 /* VWWCaptureViewController.m */; };
		C66ECD34184C5395003691D6 /* VWWCaptureFromPhotoViewController.m in Sources */ = {isa = PBXBuildFile; fileRef = C66ECD33184C5395003691D6 /* VWWCaptureFromPhotoViewController.m */; };
		C66ECD3D184C56DC003691D6 /* VWWSpringTransition.m in Sources */ = {isa = PBXBuildFile; fileRef = C66ECD37184C56DC003691D6 /* VWWSpringTransition.m */; };
		C66ECD3E184C56DC003691D6 /* VWWShrinkTransition.m in Sources */ = {isa = PBXBuildFile; fileRef = C66ECD38184C56DC003691D6 /* VWWShrinkTransition.m */; };
		C66ECD3F184C56DC003691D6 /* VWWHorizontalFlipTransition.m in Sources */ = {isa = PBXBuildFile; fileRef = C66ECD3A184C56DC003691D6 /* VWWHorizontalFlipTransition.m */; };
		C66ECD42184C5736003691D6 /* VWWHorizontalFlipInteractiveTransition.m in Sources */ = {isa = PBXBuildFile; fileRef = C66ECD40184C5736003691D6 /* VWWHorizontalFlipInteractiveTransition.m */; };
		C66ECD46184C58FD003691D6 /* VWWAboutViewController.m in Sources */ = {isa = PBXBuildFile; fileRef = C66ECD45184C58FD003691D6 /* VWWAboutViewController.m */; };
		C66ECD49184C5DC4003691D6 /* VWWExpandIntoFrameTransition.m in Sources */ = {isa = PBXBuildFile; fileRef = C66ECD48184C5DC4003691D6 /* VWWExpandIntoFrameTransition.m */; };
		C6CFBABB184D9AA6002735AD /* VWWCaptureFromVideoViewController.m in Sources */ = {isa = PBXBuildFile; fileRef = C6CFBABA184D9AA6002735AD /* VWWCaptureFromVideoViewController.m */; };
		C6FC14B4185456040064208D /* VWWTableInfoViewController.m in Sources */ = {isa = PBXBuildFile; fileRef = C6FC14B3185456040064208D /* VWWTableInfoViewController.m */; };
		C6FC14B7185456110064208D /* VWWCollectionInfoViewController.m in Sources */ = {isa = PBXBuildFile; fileRef = C6FC14B6185456110064208D /* VWWCollectionInfoViewController.m */; };
		C6FC14BA185456200064208D /* VWWCaptureInfoViewController.m in Sources */ = {isa = PBXBuildFile; fileRef = C6FC14B9185456200064208D /* VWWCaptureInfoViewController.m */; };
		C6FC14BD185456300064208D /* VWWMixerInfoViewController.m in Sources */ = {isa = PBXBuildFile; fileRef = C6FC14BC185456300064208D /* VWWMixerInfoViewController.m */; };
/* End PBXBuildFile section */

/* Begin PBXContainerItemProxy section */
		C66E16CD184BDFA10008FAC1 /* PBXContainerItemProxy */ = {
			isa = PBXContainerItemProxy;
			containerPortal = C66E169C184BDFA10008FAC1 /* Project object */;
			proxyType = 1;
			remoteGlobalIDString = C66E16A3184BDFA10008FAC1;
			remoteInfo = ColorBlind2;
		};
/* End PBXContainerItemProxy section */

/* Begin PBXFileReference section */
		C610CAE718541CBE002A3820 /* VWWFloatingColorViewController.h */ = {isa = PBXFileReference; fileEncoding = 4; lastKnownFileType = sourcecode.c.h; path = VWWFloatingColorViewController.h; sourceTree = "<group>"; };
		C610CAE818541CBF002A3820 /* VWWFloatingColorViewController.m */ = {isa = PBXFileReference; fileEncoding = 4; lastKnownFileType = sourcecode.c.objc; path = VWWFloatingColorViewController.m; sourceTree = "<group>"; };
		C610CAEB18543A05002A3820 /* VWWMixerViewController.h */ = {isa = PBXFileReference; fileEncoding = 4; lastKnownFileType = sourcecode.c.h; path = VWWMixerViewController.h; sourceTree = "<group>"; };
		C610CAEC18543A05002A3820 /* VWWMixerViewController.m */ = {isa = PBXFileReference; fileEncoding = 4; lastKnownFileType = sourcecode.c.objc; path = VWWMixerViewController.m; sourceTree = "<group>"; };
		C6311207184C68E200BE02BA /* VWWColorViewController.h */ = {isa = PBXFileReference; fileEncoding = 4; lastKnownFileType = sourcecode.c.h; path = VWWColorViewController.h; sourceTree = "<group>"; };
		C6311208184C68E200BE02BA /* VWWColorViewController.m */ = {isa = PBXFileReference; fileEncoding = 4; lastKnownFileType = sourcecode.c.objc; path = VWWColorViewController.m; sourceTree = "<group>"; };
		C631120C184C697900BE02BA /* VWWColorView.h */ = {isa = PBXFileReference; fileEncoding = 4; lastKnownFileType = sourcecode.c.h; path = VWWColorView.h; sourceTree = "<group>"; };
		C631120D184C697900BE02BA /* VWWColorView.m */ = {isa = PBXFileReference; fileEncoding = 4; lastKnownFileType = sourcecode.c.objc; path = VWWColorView.m; sourceTree = "<group>"; };
		C631120F184C698700BE02BA /* VWWCrosshairView.h */ = {isa = PBXFileReference; fileEncoding = 4; lastKnownFileType = sourcecode.c.h; path = VWWCrosshairView.h; sourceTree = "<group>"; };
		C6311210184C698700BE02BA /* VWWCrosshairView.m */ = {isa = PBXFileReference; fileEncoding = 4; lastKnownFileType = sourcecode.c.objc; path = VWWCrosshairView.m; sourceTree = "<group>"; };
		C66E16A4184BDFA10008FAC1 /* ColorBlind2.app */ = {isa = PBXFileReference; explicitFileType = wrapper.application; includeInIndex = 0; path = ColorBlind2.app; sourceTree = BUILT_PRODUCTS_DIR; };
		C66E16A7184BDFA10008FAC1 /* Foundation.framework */ = {isa = PBXFileReference; lastKnownFileType = wrapper.framework; name = Foundation.framework; path = System/Library/Frameworks/Foundation.framework; sourceTree = SDKROOT; };
		C66E16A9184BDFA10008FAC1 /* CoreGraphics.framework */ = {isa = PBXFileReference; lastKnownFileType = wrapper.framework; name = CoreGraphics.framework; path = System/Library/Frameworks/CoreGraphics.framework; sourceTree = SDKROOT; };
		C66E16AB184BDFA10008FAC1 /* UIKit.framework */ = {isa = PBXFileReference; lastKnownFileType = wrapper.framework; name = UIKit.framework; path = System/Library/Frameworks/UIKit.framework; sourceTree = SDKROOT; };
		C66E16AF184BDFA10008FAC1 /* ColorBlind2-Info.plist */ = {isa = PBXFileReference; lastKnownFileType = text.plist.xml; path = "ColorBlind2-Info.plist"; sourceTree = "<group>"; };
		C66E16B1184BDFA10008FAC1 /* en */ = {isa = PBXFileReference; lastKnownFileType = text.plist.strings; name = en; path = en.lproj/InfoPlist.strings; sourceTree = "<group>"; };
		C66E16B3184BDFA10008FAC1 /* main.m */ = {isa = PBXFileReference; lastKnownFileType = sourcecode.c.objc; path = main.m; sourceTree = "<group>"; };
		C66E16B5184BDFA10008FAC1 /* ColorBlind2-Prefix.pch */ = {isa = PBXFileReference; lastKnownFileType = sourcecode.c.h; path = "ColorBlind2-Prefix.pch"; sourceTree = "<group>"; };
		C66E16B6184BDFA10008FAC1 /* VWWAppDelegate.h */ = {isa = PBXFileReference; lastKnownFileType = sourcecode.c.h; path = VWWAppDelegate.h; sourceTree = "<group>"; };
		C66E16B7184BDFA10008FAC1 /* VWWAppDelegate.m */ = {isa = PBXFileReference; lastKnownFileType = sourcecode.c.objc; path = VWWAppDelegate.m; sourceTree = "<group>"; };
		C66E16BA184BDFA10008FAC1 /* Base */ = {isa = PBXFileReference; lastKnownFileType = file.storyboard; name = Base; path = Base.lproj/Main.storyboard; sourceTree = "<group>"; };
		C66E16C2184BDFA10008FAC1 /* Images.xcassets */ = {isa = PBXFileReference; lastKnownFileType = folder.assetcatalog; path = Images.xcassets; sourceTree = "<group>"; };
		C66E16C8184BDFA10008FAC1 /* ColorBlind2Tests.xctest */ = {isa = PBXFileReference; explicitFileType = wrapper.cfbundle; includeInIndex = 0; path = ColorBlind2Tests.xctest; sourceTree = BUILT_PRODUCTS_DIR; };
		C66E16C9184BDFA10008FAC1 /* XCTest.framework */ = {isa = PBXFileReference; lastKnownFileType = wrapper.framework; name = XCTest.framework; path = Library/Frameworks/XCTest.framework; sourceTree = DEVELOPER_DIR; };
		C66E16D1184BDFA10008FAC1 /* ColorBlind2Tests-Info.plist */ = {isa = PBXFileReference; lastKnownFileType = text.plist.xml; path = "ColorBlind2Tests-Info.plist"; sourceTree = "<group>"; };
		C66E16D3184BDFA10008FAC1 /* en */ = {isa = PBXFileReference; lastKnownFileType = text.plist.strings; name = en; path = en.lproj/InfoPlist.strings; sourceTree = "<group>"; };
		C66E16D5184BDFA10008FAC1 /* ColorBlind2Tests.m */ = {isa = PBXFileReference; lastKnownFileType = sourcecode.c.objc; path = ColorBlind2Tests.m; sourceTree = "<group>"; };
		C66E16EA184BE0990008FAC1 /* VWWColors.m */ = {isa = PBXFileReference; fileEncoding = 4; lastKnownFileType = sourcecode.c.objc; path = VWWColors.m; sourceTree = "<group>"; };
		C66E16EB184BE0990008FAC1 /* VWWFileReader.m */ = {isa = PBXFileReference; fileEncoding = 4; lastKnownFileType = sourcecode.c.objc; path = VWWFileReader.m; sourceTree = "<group>"; };
		C66E16EC184BE0990008FAC1 /* VWWColor.m */ = {isa = PBXFileReference; fileEncoding = 4; lastKnownFileType = sourcecode.c.objc; path = VWWColor.m; sourceTree = "<group>"; };
		C66E16EE184BE0990008FAC1 /* VWWFileReader.h */ = {isa = PBXFileReference; fileEncoding = 4; lastKnownFileType = sourcecode.c.h; path = VWWFileReader.h; sourceTree = "<group>"; };
		C66E16EF184BE0990008FAC1 /* VWWColor.h */ = {isa = PBXFileReference; fileEncoding = 4; lastKnownFileType = sourcecode.c.h; path = VWWColor.h; sourceTree = "<group>"; };
		C66E16F0184BE0990008FAC1 /* VWWColors.h */ = {isa = PBXFileReference; fileEncoding = 4; lastKnownFileType = sourcecode.c.h; path = VWWColors.h; sourceTree = "<group>"; };
		C66E16FA184BE2B30008FAC1 /* VWWUtility.h */ = {isa = PBXFileReference; fileEncoding = 4; lastKnownFileType = sourcecode.c.h; name = VWWUtility.h; path = Utilities/VWWUtility.h; sourceTree = "<group>"; };
		C66E16FB184BE2B30008FAC1 /* VWWUtility.m */ = {isa = PBXFileReference; fileEncoding = 4; lastKnownFileType = sourcecode.c.objc; name = VWWUtility.m; path = Utilities/VWWUtility.m; sourceTree = "<group>"; };
		C66E16FE184BE46E0008FAC1 /* colors_complex.csv */ = {isa = PBXFileReference; fileEncoding = 4; lastKnownFileType = text; path = colors_complex.csv; sourceTree = "<group>"; };
		C66E16FF184BE46E0008FAC1 /* colors_simple.csv */ = {isa = PBXFileReference; fileEncoding = 4; lastKnownFileType = text; path = colors_simple.csv; sourceTree = "<group>"; };
		C66E1702184C06730008FAC1 /* VWWColorsTableViewController.h */ = {isa = PBXFileReference; fileEncoding = 4; lastKnownFileType = sourcecode.c.h; path = VWWColorsTableViewController.h; sourceTree = "<group>"; };
		C66E1703184C06730008FAC1 /* VWWColorsTableViewController.m */ = {isa = PBXFileReference; fileEncoding = 4; lastKnownFileType = sourcecode.c.objc; path = VWWColorsTableViewController.m; sourceTree = "<group>"; };
		C66E1707184C07380008FAC1 /* VWWColorTableViewCell.h */ = {isa = PBXFileReference; fileEncoding = 4; lastKnownFileType = sourcecode.c.h; path = VWWColorTableViewCell.h; sourceTree = "<group>"; };
		C66E1708184C07380008FAC1 /* VWWColorTableViewCell.m */ = {isa = PBXFileReference; fileEncoding = 4; lastKnownFileType = sourcecode.c.objc; path = VWWColorTableViewCell.m; sourceTree = "<group>"; };
		C66ECD11184C1DEA003691D6 /* VWWColorsCollectionViewController.h */ = {isa = PBXFileReference; fileEncoding = 4; lastKnownFileType = sourcecode.c.h; path = VWWColorsCollectionViewController.h; sourceTree = "<group>"; };
		C66ECD12184C1DEA003691D6 /* VWWColorsCollectionViewController.m */ = {isa = PBXFileReference; fileEncoding = 4; lastKnownFileType = sourcecode.c.objc; path = VWWColorsCollectionViewController.m; sourceTree = "<group>"; };
		C66ECD17184C1E11003691D6 /* VWWColorCollectionViewFlowCell.h */ = {isa = PBXFileReference; fileEncoding = 4; lastKnownFileType = sourcecode.c.h; path = VWWColorCollectionViewFlowCell.h; sourceTree = "<group>"; };
		C66ECD18184C1E11003691D6 /* VWWColorCollectionViewFlowCell.m */ = {isa = PBXFileReference; fileEncoding = 4; lastKnownFileType = sourcecode.c.objc; path = VWWColorCollectionViewFlowCell.m; sourceTree = "<group>"; };
		C66ECD1A184C1E25003691D6 /* VWWColorCollectionViewFlowLayout.h */ = {isa = PBXFileReference; fileEncoding = 4; lastKnownFileType = sourcecode.c.h; path = VWWColorCollectionViewFlowLayout.h; sourceTree = "<group>"; };
		C66ECD1B184C1E25003691D6 /* VWWColorCollectionViewFlowLayout.m */ = {isa = PBXFileReference; fileEncoding = 4; lastKnownFileType = sourcecode.c.objc; path = VWWColorCollectionViewFlowLayout.m; sourceTree = "<group>"; };
		C66ECD1D184C228B003691D6 /* VWWColorCollectionViewCircleLayout.h */ = {isa = PBXFileReference; fileEncoding = 4; lastKnownFileType = sourcecode.c.h; path = VWWColorCollectionViewCircleLayout.h; sourceTree = "<group>"; };
		C66ECD1E184C228B003691D6 /* VWWColorCollectionViewCircleLayout.m */ = {isa = PBXFileReference; fileEncoding = 4; lastKnownFileType = sourcecode.c.objc; path = VWWColorCollectionViewCircleLayout.m; sourceTree = "<group>"; };
		C66ECD20184C2820003691D6 /* VWWColorCollectionViewCircleCell.h */ = {isa = PBXFileReference; fileEncoding = 4; lastKnownFileType = sourcecode.c.h; path = VWWColorCollectionViewCircleCell.h; sourceTree = "<group>"; };
		C66ECD21184C2820003691D6 /* VWWColorCollectionViewCircleCell.m */ = {isa = PBXFileReference; fileEncoding = 4; lastKnownFileType = sourcecode.c.objc; path = VWWColorCollectionViewCircleCell.m; sourceTree = "<group>"; };
		C66ECD23184C2AE6003691D6 /* VWWColorCollectionReusableFlowView.h */ = {isa = PBXFileReference; fileEncoding = 4; lastKnownFileType = sourcecode.c.h; path = VWWColorCollectionReusableFlowView.h; sourceTree = "<group>"; };
		C66ECD24184C2AE6003691D6 /* VWWColorCollectionReusableFlowView.m */ = {isa = PBXFileReference; fileEncoding = 4; lastKnownFileType = sourcecode.c.objc; path = VWWColorCollectionReusableFlowView.m; sourceTree = "<group>"; };
		C66ECD27184C41B7003691D6 /* VWWWelcomeViewController.h */ = {isa = PBXFileReference; fileEncoding = 4; lastKnownFileType = sourcecode.c.h; path = VWWWelcomeViewController.h; sourceTree = "<group>"; };
		C66ECD28184C41B7003691D6 /* VWWWelcomeViewController.m */ = {isa = PBXFileReference; fileEncoding = 4; lastKnownFileType = sourcecode.c.objc; path = VWWWelcomeViewController.m; sourceTree = "<group>"; };
		C66ECD2A184C421F003691D6 /* about.html */ = {isa = PBXFileReference; fileEncoding = 4; lastKnownFileType = text.html; path = about.html; sourceTree = "<group>"; };
		C66ECD2C184C455F003691D6 /* about.txt */ = {isa = PBXFileReference; fileEncoding = 4; lastKnownFileType = text; path = about.txt; sourceTree = "<group>"; };
		C66ECD2F184C534F003691D6 /* VWWCaptureViewController.h */ = {isa = PBXFileReference; fileEncoding = 4; lastKnownFileType = sourcecode.c.h; path = VWWCaptureViewController.h; sourceTree = "<group>"; };
		C66ECD30184C534F003691D6 /* VWWCaptureViewController.m */ = {isa = PBXFileReference; fileEncoding = 4; lastKnownFileType = sourcecode.c.objc; path = VWWCaptureViewController.m; sourceTree = "<group>"; };
		C66ECD32184C5395003691D6 /* VWWCaptureFromPhotoViewController.h */ = {isa = PBXFileReference; fileEncoding = 4; lastKnownFileType = sourcecode.c.h; path = VWWCaptureFromPhotoViewController.h; sourceTree = "<group>"; };
		C66ECD33184C5395003691D6 /* VWWCaptureFromPhotoViewController.m */ = {isa = PBXFileReference; fileEncoding = 4; lastKnownFileType = sourcecode.c.objc; path = VWWCaptureFromPhotoViewController.m; sourceTree = "<group>"; };
		C66ECD37184C56DC003691D6 /* VWWSpringTransition.m */ = {isa = PBXFileReference; fileEncoding = 4; lastKnownFileType = sourcecode.c.objc; path = VWWSpringTransition.m; sourceTree = "<group>"; };
		C66ECD38184C56DC003691D6 /* VWWShrinkTransition.m */ = {isa = PBXFileReference; fileEncoding = 4; lastKnownFileType = sourcecode.c.objc; path = VWWShrinkTransition.m; sourceTree = "<group>"; };
		C66ECD39184C56DC003691D6 /* VWWHorizontalFlipTransition.h */ = {isa = PBXFileReference; fileEncoding = 4; lastKnownFileType = sourcecode.c.h; path = VWWHorizontalFlipTransition.h; sourceTree = "<group>"; };
		C66ECD3A184C56DC003691D6 /* VWWHorizontalFlipTransition.m */ = {isa = PBXFileReference; fileEncoding = 4; lastKnownFileType = sourcecode.c.objc; path = VWWHorizontalFlipTransition.m; sourceTree = "<group>"; };
		C66ECD3B184C56DC003691D6 /* VWWShrinkTransition.h */ = {isa = PBXFileReference; fileEncoding = 4; lastKnownFileType = sourcecode.c.h; path = VWWShrinkTransition.h; sourceTree = "<group>"; };
		C66ECD3C184C56DC003691D6 /* VWWSpringTransition.h */ = {isa = PBXFileReference; fileEncoding = 4; lastKnownFileType = sourcecode.c.h; path = VWWSpringTransition.h; sourceTree = "<group>"; };
		C66ECD40184C5736003691D6 /* VWWHorizontalFlipInteractiveTransition.m */ = {isa = PBXFileReference; fileEncoding = 4; lastKnownFileType = sourcecode.c.objc; path = VWWHorizontalFlipInteractiveTransition.m; sourceTree = "<group>"; };
		C66ECD41184C5736003691D6 /* VWWHorizontalFlipInteractiveTransition.h */ = {isa = PBXFileReference; fileEncoding = 4; lastKnownFileType = sourcecode.c.h; path = VWWHorizontalFlipInteractiveTransition.h; sourceTree = "<group>"; };
		C66ECD44184C58FD003691D6 /* VWWAboutViewController.h */ = {isa = PBXFileReference; fileEncoding = 4; lastKnownFileType = sourcecode.c.h; path = VWWAboutViewController.h; sourceTree = "<group>"; };
		C66ECD45184C58FD003691D6 /* VWWAboutViewController.m */ = {isa = PBXFileReference; fileEncoding = 4; lastKnownFileType = sourcecode.c.objc; path = VWWAboutViewController.m; sourceTree = "<group>"; };
		C66ECD47184C5DC4003691D6 /* VWWExpandIntoFrameTransition.h */ = {isa = PBXFileReference; fileEncoding = 4; lastKnownFileType = sourcecode.c.h; path = VWWExpandIntoFrameTransition.h; sourceTree = "<group>"; };
		C66ECD48184C5DC4003691D6 /* VWWExpandIntoFrameTransition.m */ = {isa = PBXFileReference; fileEncoding = 4; lastKnownFileType = sourcecode.c.objc; path = VWWExpandIntoFrameTransition.m; sourceTree = "<group>"; };
		C6CFBAB9184D9AA6002735AD /* VWWCaptureFromVideoViewController.h */ = {isa = PBXFileReference; fileEncoding = 4; lastKnownFileType = sourcecode.c.h; path = VWWCaptureFromVideoViewController.h; sourceTree = "<group>"; };
		C6CFBABA184D9AA6002735AD /* VWWCaptureFromVideoViewController.m */ = {isa = PBXFileReference; fileEncoding = 4; lastKnownFileType = sourcecode.c.objc; path = VWWCaptureFromVideoViewController.m; sourceTree = "<group>"; };
		C6FC14B2185456040064208D /* VWWTableInfoViewController.h */ = {isa = PBXFileReference; fileEncoding = 4; lastKnownFileType = sourcecode.c.h; path = VWWTableInfoViewController.h; sourceTree = "<group>"; };
		C6FC14B3185456040064208D /* VWWTableInfoViewController.m */ = {isa = PBXFileReference; fileEncoding = 4; lastKnownFileType = sourcecode.c.objc; path = VWWTableInfoViewController.m; sourceTree = "<group>"; };
		C6FC14B5185456110064208D /* VWWCollectionInfoViewController.h */ = {isa = PBXFileReference; fileEncoding = 4; lastKnownFileType = sourcecode.c.h; path = VWWCollectionInfoViewController.h; sourceTree = "<group>"; };
		C6FC14B6185456110064208D /* VWWCollectionInfoViewController.m */ = {isa = PBXFileReference; fileEncoding = 4; lastKnownFileType = sourcecode.c.objc; path = VWWCollectionInfoViewController.m; sourceTree = "<group>"; };
		C6FC14B8185456200064208D /* VWWCaptureInfoViewController.h */ = {isa = PBXFileReference; fileEncoding = 4; lastKnownFileType = sourcecode.c.h; path = VWWCaptureInfoViewController.h; sourceTree = "<group>"; };
		C6FC14B9185456200064208D /* VWWCaptureInfoViewController.m */ = {isa = PBXFileReference; fileEncoding = 4; lastKnownFileType = sourcecode.c.objc; path = VWWCaptureInfoViewController.m; sourceTree = "<group>"; };
		C6FC14BB185456300064208D /* VWWMixerInfoViewController.h */ = {isa = PBXFileReference; fileEncoding = 4; lastKnownFileType = sourcecode.c.h; path = VWWMixerInfoViewController.h; sourceTree = "<group>"; };
		C6FC14BC185456300064208D /* VWWMixerInfoViewController.m */ = {isa = PBXFileReference; fileEncoding = 4; lastKnownFileType = sourcecode.c.objc; path = VWWMixerInfoViewController.m; sourceTree = "<group>"; };
/* End PBXFileReference section */

/* Begin PBXFrameworksBuildPhase section */
		C66E16A1184BDFA10008FAC1 /* Frameworks */ = {
			isa = PBXFrameworksBuildPhase;
			buildActionMask = 2147483647;
			files = (
				C66E16AA184BDFA10008FAC1 /* CoreGraphics.framework in Frameworks */,
				C66E16AC184BDFA10008FAC1 /* UIKit.framework in Frameworks */,
				C66E16A8184BDFA10008FAC1 /* Foundation.framework in Frameworks */,
			);
			runOnlyForDeploymentPostprocessing = 0;
		};
		C66E16C5184BDFA10008FAC1 /* Frameworks */ = {
			isa = PBXFrameworksBuildPhase;
			buildActionMask = 2147483647;
			files = (
				C66E16CA184BDFA10008FAC1 /* XCTest.framework in Frameworks */,
				C66E16CC184BDFA10008FAC1 /* UIKit.framework in Frameworks */,
				C66E16CB184BDFA10008FAC1 /* Foundation.framework in Frameworks */,
			);
			runOnlyForDeploymentPostprocessing = 0;
		};
/* End PBXFrameworksBuildPhase section */

/* Begin PBXGroup section */
		C610CAEA185439EB002A3820 /* Mixer */ = {
			isa = PBXGroup;
			children = (
				C610CAEB18543A05002A3820 /* VWWMixerViewController.h */,
				C610CAEC18543A05002A3820 /* VWWMixerViewController.m */,
				C6FC14BB185456300064208D /* VWWMixerInfoViewController.h */,
				C6FC14BC185456300064208D /* VWWMixerInfoViewController.m */,
			);
			name = Mixer;
			sourceTree = "<group>";
		};
		C631120A184C68E500BE02BA /* Color */ = {
			isa = PBXGroup;
			children = (
				C6311207184C68E200BE02BA /* VWWColorViewController.h */,
				C6311208184C68E200BE02BA /* VWWColorViewController.m */,
			);
			name = Color;
			sourceTree = "<group>";
		};
		C631120B184C696700BE02BA /* View */ = {
			isa = PBXGroup;
			children = (
				C631120C184C697900BE02BA /* VWWColorView.h */,
				C631120D184C697900BE02BA /* VWWColorView.m */,
				C631120F184C698700BE02BA /* VWWCrosshairView.h */,
				C6311210184C698700BE02BA /* VWWCrosshairView.m */,
			);
			path = View;
			sourceTree = "<group>";
		};
		C66E169B184BDFA10008FAC1 = {
			isa = PBXGroup;
			children = (
				C66E16AD184BDFA10008FAC1 /* ColorBlind2 */,
				C66E16CF184BDFA10008FAC1 /* ColorBlind2Tests */,
				C66E16A6184BDFA10008FAC1 /* Frameworks */,
				C66E16A5184BDFA10008FAC1 /* Products */,
			);
			sourceTree = "<group>";
		};
		C66E16A5184BDFA10008FAC1 /* Products */ = {
			isa = PBXGroup;
			children = (
				C66E16A4184BDFA10008FAC1 /* ColorBlind2.app */,
				C66E16C8184BDFA10008FAC1 /* ColorBlind2Tests.xctest */,
			);
			name = Products;
			sourceTree = "<group>";
		};
		C66E16A6184BDFA10008FAC1 /* Frameworks */ = {
			isa = PBXGroup;
			children = (
				C66E16A7184BDFA10008FAC1 /* Foundation.framework */,
				C66E16A9184BDFA10008FAC1 /* CoreGraphics.framework */,
				C66E16AB184BDFA10008FAC1 /* UIKit.framework */,
				C66E16C9184BDFA10008FAC1 /* XCTest.framework */,
			);
			name = Frameworks;
			sourceTree = "<group>";
		};
		C66E16AD184BDFA10008FAC1 /* ColorBlind2 */ = {
			isa = PBXGroup;
			children = (
				C66E16E6184BE04C0008FAC1 /* Controllers */,
				C66E16FD184BE46E0008FAC1 /* Documents */,
				C66E16C2184BDFA10008FAC1 /* Images.xcassets */,
				C66E16E0184BDFB70008FAC1 /* Models */,
				C66E16AE184BDFA10008FAC1 /* Supporting Files */,
				C66ECD35184C56AB003691D6 /* User Interface */,
				C66E16F6184BE2420008FAC1 /* Utility */,
				C631120B184C696700BE02BA /* View */,
			);
			path = ColorBlind2;
			sourceTree = "<group>";
		};
		C66E16AE184BDFA10008FAC1 /* Supporting Files */ = {
			isa = PBXGroup;
			children = (
				C66E16B6184BDFA10008FAC1 /* VWWAppDelegate.h */,
				C66E16B7184BDFA10008FAC1 /* VWWAppDelegate.m */,
				C66E16AF184BDFA10008FAC1 /* ColorBlind2-Info.plist */,
				C66E16B0184BDFA10008FAC1 /* InfoPlist.strings */,
				C66E16B3184BDFA10008FAC1 /* main.m */,
				C66E16B5184BDFA10008FAC1 /* ColorBlind2-Prefix.pch */,
			);
			name = "Supporting Files";
			sourceTree = "<group>";
		};
		C66E16CF184BDFA10008FAC1 /* ColorBlind2Tests */ = {
			isa = PBXGroup;
			children = (
				C66E16D5184BDFA10008FAC1 /* ColorBlind2Tests.m */,
				C66E16D0184BDFA10008FAC1 /* Supporting Files */,
			);
			path = ColorBlind2Tests;
			sourceTree = "<group>";
		};
		C66E16D0184BDFA10008FAC1 /* Supporting Files */ = {
			isa = PBXGroup;
			children = (
				C66E16D1184BDFA10008FAC1 /* ColorBlind2Tests-Info.plist */,
				C66E16D2184BDFA10008FAC1 /* InfoPlist.strings */,
			);
			name = "Supporting Files";
			sourceTree = "<group>";
		};
		C66E16E0184BDFB70008FAC1 /* Models */ = {
			isa = PBXGroup;
			children = (
			);
			name = Models;
			sourceTree = "<group>";
		};
		C66E16E6184BE04C0008FAC1 /* Controllers */ = {
			isa = PBXGroup;
			children = (
				C66E16E7184BE04C0008FAC1 /* GUI */,
				C66E16E8184BE04C0008FAC1 /* Non-GUI */,
			);
			path = Controllers;
			sourceTree = "<group>";
		};
		C66E16E7184BE04C0008FAC1 /* GUI */ = {
			isa = PBXGroup;
			children = (
				C66ECD43184C58F3003691D6 /* About */,
				C66ECD2E184C532B003691D6 /* Capture */,
				C66ECD10184C1DAA003691D6 /* Collection */,
				C631120A184C68E500BE02BA /* Color */,
				C610CAEA185439EB002A3820 /* Mixer */,
				C66E1705184C07150008FAC1 /* Table */,
				C66ECD26184C41A5003691D6 /* Welcome */,
			);
			path = GUI;
			sourceTree = "<group>";
		};
		C66E16E8184BE04C0008FAC1 /* Non-GUI */ = {
			isa = PBXGroup;
			children = (
				C66E16EF184BE0990008FAC1 /* VWWColor.h */,
				C66E16EC184BE0990008FAC1 /* VWWColor.m */,
				C66E16F0184BE0990008FAC1 /* VWWColors.h */,
				C66E16EA184BE0990008FAC1 /* VWWColors.m */,
				C66E16EE184BE0990008FAC1 /* VWWFileReader.h */,
				C66E16EB184BE0990008FAC1 /* VWWFileReader.m */,
			);
			path = "Non-GUI";
			sourceTree = "<group>";
		};
		C66E16F6184BE2420008FAC1 /* Utility */ = {
			isa = PBXGroup;
			children = (
				C66E16FA184BE2B30008FAC1 /* VWWUtility.h */,
				C66E16FB184BE2B30008FAC1 /* VWWUtility.m */,
			);
			name = Utility;
			sourceTree = "<group>";
		};
		C66E16FD184BE46E0008FAC1 /* Documents */ = {
			isa = PBXGroup;
			children = (
				C66E16FE184BE46E0008FAC1 /* colors_complex.csv */,
				C66E16FF184BE46E0008FAC1 /* colors_simple.csv */,
				C66ECD2A184C421F003691D6 /* about.html */,
				C66ECD2C184C455F003691D6 /* about.txt */,
			);
			path = Documents;
			sourceTree = "<group>";
		};
		C66E1705184C07150008FAC1 /* Table */ = {
			isa = PBXGroup;
			children = (
				C66E1706184C071E0008FAC1 /* Cell */,
				C66E1702184C06730008FAC1 /* VWWColorsTableViewController.h */,
				C66E1703184C06730008FAC1 /* VWWColorsTableViewController.m */,
				C6FC14B2185456040064208D /* VWWTableInfoViewController.h */,
				C6FC14B3185456040064208D /* VWWTableInfoViewController.m */,
			);
			name = Table;
			sourceTree = "<group>";
		};
		C66E1706184C071E0008FAC1 /* Cell */ = {
			isa = PBXGroup;
			children = (
				C66E1707184C07380008FAC1 /* VWWColorTableViewCell.h */,
				C66E1708184C07380008FAC1 /* VWWColorTableViewCell.m */,
			);
			name = Cell;
			sourceTree = "<group>";
		};
		C66ECD10184C1DAA003691D6 /* Collection */ = {
			isa = PBXGroup;
			children = (
				C66ECD15184C1DF6003691D6 /* Flow */,
				C66ECD14184C1DF1003691D6 /* Cell */,
				C66ECD11184C1DEA003691D6 /* VWWColorsCollectionViewController.h */,
				C66ECD12184C1DEA003691D6 /* VWWColorsCollectionViewController.m */,
				C6FC14B5185456110064208D /* VWWCollectionInfoViewController.h */,
				C6FC14B6185456110064208D /* VWWCollectionInfoViewController.m */,
			);
			name = Collection;
			sourceTree = "<group>";
		};
		C66ECD14184C1DF1003691D6 /* Cell */ = {
			isa = PBXGroup;
			children = (
				C66ECD17184C1E11003691D6 /* VWWColorCollectionViewFlowCell.h */,
				C66ECD18184C1E11003691D6 /* VWWColorCollectionViewFlowCell.m */,
				C66ECD20184C2820003691D6 /* VWWColorCollectionViewCircleCell.h */,
				C66ECD21184C2820003691D6 /* VWWColorCollectionViewCircleCell.m */,
				C66ECD23184C2AE6003691D6 /* VWWColorCollectionReusableFlowView.h */,
				C66ECD24184C2AE6003691D6 /* VWWColorCollectionReusableFlowView.m */,
			);
			name = Cell;
			sourceTree = "<group>";
		};
		C66ECD15184C1DF6003691D6 /* Flow */ = {
			isa = PBXGroup;
			children = (
				C66ECD1A184C1E25003691D6 /* VWWColorCollectionViewFlowLayout.h */,
				C66ECD1B184C1E25003691D6 /* VWWColorCollectionViewFlowLayout.m */,
				C66ECD1D184C228B003691D6 /* VWWColorCollectionViewCircleLayout.h */,
				C66ECD1E184C228B003691D6 /* VWWColorCollectionViewCircleLayout.m */,
			);
			name = Flow;
			sourceTree = "<group>";
		};
		C66ECD26184C41A5003691D6 /* Welcome */ = {
			isa = PBXGroup;
			children = (
				C66ECD27184C41B7003691D6 /* VWWWelcomeViewController.h */,
				C66ECD28184C41B7003691D6 /* VWWWelcomeViewController.m */,
			);
			name = Welcome;
			sourceTree = "<group>";
		};
		C66ECD2E184C532B003691D6 /* Capture */ = {
			isa = PBXGroup;
			children = (
				C66ECD2F184C534F003691D6 /* VWWCaptureViewController.h */,
				C66ECD30184C534F003691D6 /* VWWCaptureViewController.m */,
				C66ECD32184C5395003691D6 /* VWWCaptureFromPhotoViewController.h */,
				C66ECD33184C5395003691D6 /* VWWCaptureFromPhotoViewController.m */,
				C6CFBAB9184D9AA6002735AD /* VWWCaptureFromVideoViewController.h */,
				C6CFBABA184D9AA6002735AD /* VWWCaptureFromVideoViewController.m */,
				C610CAE718541CBE002A3820 /* VWWFloatingColorViewController.h */,
				C610CAE818541CBF002A3820 /* VWWFloatingColorViewController.m */,
				C6FC14B8185456200064208D /* VWWCaptureInfoViewController.h */,
				C6FC14B9185456200064208D /* VWWCaptureInfoViewController.m */,
			);
			name = Capture;
			sourceTree = "<group>";
		};
		C66ECD35184C56AB003691D6 /* User Interface */ = {
			isa = PBXGroup;
			children = (
				C66ECD36184C56B8003691D6 /* Transitions */,
				C66E16B9184BDFA10008FAC1 /* Main.storyboard */,
			);
			path = "User Interface";
			sourceTree = "<group>";
		};
		C66ECD36184C56B8003691D6 /* Transitions */ = {
			isa = PBXGroup;
			children = (
				C66ECD3C184C56DC003691D6 /* VWWSpringTransition.h */,
				C66ECD37184C56DC003691D6 /* VWWSpringTransition.m */,
				C66ECD41184C5736003691D6 /* VWWHorizontalFlipInteractiveTransition.h */,
				C66ECD40184C5736003691D6 /* VWWHorizontalFlipInteractiveTransition.m */,
				C66ECD3B184C56DC003691D6 /* VWWShrinkTransition.h */,
				C66ECD38184C56DC003691D6 /* VWWShrinkTransition.m */,
				C66ECD39184C56DC003691D6 /* VWWHorizontalFlipTransition.h */,
				C66ECD3A184C56DC003691D6 /* VWWHorizontalFlipTransition.m */,
				C66ECD47184C5DC4003691D6 /* VWWExpandIntoFrameTransition.h */,
				C66ECD48184C5DC4003691D6 /* VWWExpandIntoFrameTransition.m */,
			);
			name = Transitions;
			sourceTree = "<group>";
		};
		C66ECD43184C58F3003691D6 /* About */ = {
			isa = PBXGroup;
			children = (
				C66ECD44184C58FD003691D6 /* VWWAboutViewController.h */,
				C66ECD45184C58FD003691D6 /* VWWAboutViewController.m */,
			);
			name = About;
			sourceTree = "<group>";
		};
/* End PBXGroup section */

/* Begin PBXNativeTarget section */
		C66E16A3184BDFA10008FAC1 /* ColorBlind2 */ = {
			isa = PBXNativeTarget;
			buildConfigurationList = C66E16D9184BDFA10008FAC1 /* Build configuration list for PBXNativeTarget "ColorBlind2" */;
			buildPhases = (
				C66E16A0184BDFA10008FAC1 /* Sources */,
				C66E16A1184BDFA10008FAC1 /* Frameworks */,
				C66E16A2184BDFA10008FAC1 /* Resources */,
			);
			buildRules = (
			);
			dependencies = (
			);
			name = ColorBlind2;
			productName = ColorBlind2;
			productReference = C66E16A4184BDFA10008FAC1 /* ColorBlind2.app */;
			productType = "com.apple.product-type.application";
		};
		C66E16C7184BDFA10008FAC1 /* ColorBlind2Tests */ = {
			isa = PBXNativeTarget;
			buildConfigurationList = C66E16DC184BDFA10008FAC1 /* Build configuration list for PBXNativeTarget "ColorBlind2Tests" */;
			buildPhases = (
				C66E16C4184BDFA10008FAC1 /* Sources */,
				C66E16C5184BDFA10008FAC1 /* Frameworks */,
				C66E16C6184BDFA10008FAC1 /* Resources */,
			);
			buildRules = (
			);
			dependencies = (
				C66E16CE184BDFA10008FAC1 /* PBXTargetDependency */,
			);
			name = ColorBlind2Tests;
			productName = ColorBlind2Tests;
			productReference = C66E16C8184BDFA10008FAC1 /* ColorBlind2Tests.xctest */;
			productType = "com.apple.product-type.bundle.unit-test";
		};
/* End PBXNativeTarget section */

/* Begin PBXProject section */
		C66E169C184BDFA10008FAC1 /* Project object */ = {
			isa = PBXProject;
			attributes = {
				CLASSPREFIX = VWW;
				LastUpgradeCheck = 0500;
				ORGANIZATIONNAME = "Zakk Hoyt";
				TargetAttributes = {
					C66E16C7184BDFA10008FAC1 = {
						TestTargetID = C66E16A3184BDFA10008FAC1;
					};
				};
			};
			buildConfigurationList = C66E169F184BDFA10008FAC1 /* Build configuration list for PBXProject "ColorBlind2" */;
			compatibilityVersion = "Xcode 3.2";
			developmentRegion = English;
			hasScannedForEncodings = 0;
			knownRegions = (
				en,
				Base,
			);
			mainGroup = C66E169B184BDFA10008FAC1;
			productRefGroup = C66E16A5184BDFA10008FAC1 /* Products */;
			projectDirPath = "";
			projectRoot = "";
			targets = (
				C66E16A3184BDFA10008FAC1 /* ColorBlind2 */,
				C66E16C7184BDFA10008FAC1 /* ColorBlind2Tests */,
			);
		};
/* End PBXProject section */

/* Begin PBXResourcesBuildPhase section */
		C66E16A2184BDFA10008FAC1 /* Resources */ = {
			isa = PBXResourcesBuildPhase;
			buildActionMask = 2147483647;
			files = (
				C66ECD2B184C421F003691D6 /* about.html in Resources */,
				C66E16C3184BDFA10008FAC1 /* Images.xcassets in Resources */,
				C66E1700184BE46E0008FAC1 /* colors_complex.csv in Resources */,
				C66ECD2D184C455F003691D6 /* about.txt in Resources */,
				C66E1701184BE46E0008FAC1 /* colors_simple.csv in Resources */,
				C66E16B2184BDFA10008FAC1 /* InfoPlist.strings in Resources */,
				C66E16BB184BDFA10008FAC1 /* Main.storyboard in Resources */,
			);
			runOnlyForDeploymentPostprocessing = 0;
		};
		C66E16C6184BDFA10008FAC1 /* Resources */ = {
			isa = PBXResourcesBuildPhase;
			buildActionMask = 2147483647;
			files = (
				C66E16D4184BDFA10008FAC1 /* InfoPlist.strings in Resources */,
			);
			runOnlyForDeploymentPostprocessing = 0;
		};
/* End PBXResourcesBuildPhase section */

/* Begin PBXSourcesBuildPhase section */
		C66E16A0184BDFA10008FAC1 /* Sources */ = {
			isa = PBXSourcesBuildPhase;
			buildActionMask = 2147483647;
			files = (
				C6311211184C698700BE02BA /* VWWCrosshairView.m in Sources */,
				C66E16B4184BDFA10008FAC1 /* main.m in Sources */,
				C66E16F3184BE0990008FAC1 /* VWWFileReader.m in Sources */,
				C66E16B8184BDFA10008FAC1 /* VWWAppDelegate.m in Sources */,
				C66E1704184C06730008FAC1 /* VWWColorsTableViewController.m in Sources */,
				C66ECD1C184C1E25003691D6 /* VWWColorCollectionViewFlowLayout.m in Sources */,
				C66E16F2184BE0990008FAC1 /* VWWColors.m in Sources */,
				C66E16F4184BE0990008FAC1 /* VWWColor.m in Sources */,
				C631120E184C697900BE02BA /* VWWColorView.m in Sources */,
				C66ECD46184C58FD003691D6 /* VWWAboutViewController.m in Sources */,
				C66ECD3F184C56DC003691D6 /* VWWHorizontalFlipTransition.m in Sources */,
				C66ECD13184C1DEA003691D6 /* VWWColorsCollectionViewController.m in Sources */,
				C66ECD49184C5DC4003691D6 /* VWWExpandIntoFrameTransition.m in Sources */,
				C66ECD29184C41B7003691D6 /* VWWWelcomeViewController.m in Sources */,
				C66ECD25184C2AE6003691D6 /* VWWColorCollectionReusableFlowView.m in Sources */,
				C66ECD3E184C56DC003691D6 /* VWWShrinkTransition.m in Sources */,
				C6FC14B4185456040064208D /* VWWTableInfoViewController.m in Sources */,
				C6CFBABB184D9AA6002735AD /* VWWCaptureFromVideoViewController.m in Sources */,
				C66ECD22184C2820003691D6 /* VWWColorCollectionViewCircleCell.m in Sources */,
				C610CAED18543A05002A3820 /* VWWMixerViewController.m in Sources */,
				C66ECD19184C1E11003691D6 /* VWWColorCollectionViewFlowCell.m in Sources */,
				C66ECD31184C534F003691D6 /* VWWCaptureViewController.m in Sources */,
				C66E1709184C07380008FAC1 /* VWWColorTableViewCell.m in Sources */,
				C6FC14BD185456300064208D /* VWWMixerInfoViewController.m in Sources */,
				C66ECD3D184C56DC003691D6 /* VWWSpringTransition.m in Sources */,
				C610CAE918541CBF002A3820 /* VWWFloatingColorViewController.m in Sources */,
				C66E16FC184BE2B30008FAC1 /* VWWUtility.m in Sources */,
				C6FC14B7185456110064208D /* VWWCollectionInfoViewController.m in Sources */,
				C66ECD1F184C228B003691D6 /* VWWColorCollectionViewCircleLayout.m in Sources */,
				C6FC14BA185456200064208D /* VWWCaptureInfoViewController.m in Sources */,
				C6311209184C68E200BE02BA /* VWWColorViewController.m in Sources */,
				C66ECD34184C5395003691D6 /* VWWCaptureFromPhotoViewController.m in Sources */,
				C66ECD42184C5736003691D6 /* VWWHorizontalFlipInteractiveTransition.m in Sources */,
			);
			runOnlyForDeploymentPostprocessing = 0;
		};
		C66E16C4184BDFA10008FAC1 /* Sources */ = {
			isa = PBXSourcesBuildPhase;
			buildActionMask = 2147483647;
			files = (
				C66E16D6184BDFA10008FAC1 /* ColorBlind2Tests.m in Sources */,
			);
			runOnlyForDeploymentPostprocessing = 0;
		};
/* End PBXSourcesBuildPhase section */

/* Begin PBXTargetDependency section */
		C66E16CE184BDFA10008FAC1 /* PBXTargetDependency */ = {
			isa = PBXTargetDependency;
			target = C66E16A3184BDFA10008FAC1 /* ColorBlind2 */;
			targetProxy = C66E16CD184BDFA10008FAC1 /* PBXContainerItemProxy */;
		};
/* End PBXTargetDependency section */

/* Begin PBXVariantGroup section */
		C66E16B0184BDFA10008FAC1 /* InfoPlist.strings */ = {
			isa = PBXVariantGroup;
			children = (
				C66E16B1184BDFA10008FAC1 /* en */,
			);
			name = InfoPlist.strings;
			sourceTree = "<group>";
		};
		C66E16B9184BDFA10008FAC1 /* Main.storyboard */ = {
			isa = PBXVariantGroup;
			children = (
				C66E16BA184BDFA10008FAC1 /* Base */,
			);
			name = Main.storyboard;
			path = ..;
			sourceTree = "<group>";
		};
		C66E16D2184BDFA10008FAC1 /* InfoPlist.strings */ = {
			isa = PBXVariantGroup;
			children = (
				C66E16D3184BDFA10008FAC1 /* en */,
			);
			name = InfoPlist.strings;
			sourceTree = "<group>";
		};
/* End PBXVariantGroup section */

/* Begin XCBuildConfiguration section */
		C66E16D7184BDFA10008FAC1 /* Debug */ = {
			isa = XCBuildConfiguration;
			buildSettings = {
				ALWAYS_SEARCH_USER_PATHS = NO;
				ARCHS = "$(ARCHS_STANDARD_INCLUDING_64_BIT)";
				CLANG_CXX_LANGUAGE_STANDARD = "gnu++0x";
				CLANG_CXX_LIBRARY = "libc++";
				CLANG_ENABLE_MODULES = YES;
				CLANG_ENABLE_OBJC_ARC = YES;
				CLANG_WARN_BOOL_CONVERSION = YES;
				CLANG_WARN_CONSTANT_CONVERSION = YES;
				CLANG_WARN_DIRECT_OBJC_ISA_USAGE = YES_ERROR;
				CLANG_WARN_EMPTY_BODY = YES;
				CLANG_WARN_ENUM_CONVERSION = YES;
				CLANG_WARN_INT_CONVERSION = YES;
				CLANG_WARN_OBJC_ROOT_CLASS = YES_ERROR;
				CLANG_WARN__DUPLICATE_METHOD_MATCH = YES;
				"CODE_SIGN_IDENTITY[sdk=iphoneos*]" = "iPhone Developer";
				COPY_PHASE_STRIP = NO;
				GCC_C_LANGUAGE_STANDARD = gnu99;
				GCC_DYNAMIC_NO_PIC = NO;
				GCC_OPTIMIZATION_LEVEL = 0;
				GCC_PREPROCESSOR_DEFINITIONS = (
					"DEBUG=1",
					"$(inherited)",
				);
				GCC_SYMBOLS_PRIVATE_EXTERN = NO;
				GCC_WARN_64_TO_32_BIT_CONVERSION = YES;
				GCC_WARN_ABOUT_RETURN_TYPE = YES_ERROR;
				GCC_WARN_UNDECLARED_SELECTOR = YES;
				GCC_WARN_UNINITIALIZED_AUTOS = YES;
				GCC_WARN_UNUSED_FUNCTION = YES;
				GCC_WARN_UNUSED_VARIABLE = YES;
				IPHONEOS_DEPLOYMENT_TARGET = 7.0;
				ONLY_ACTIVE_ARCH = YES;
				SDKROOT = iphoneos;
			};
			name = Debug;
		};
		C66E16D8184BDFA10008FAC1 /* Release */ = {
			isa = XCBuildConfiguration;
			buildSettings = {
				ALWAYS_SEARCH_USER_PATHS = NO;
				ARCHS = "$(ARCHS_STANDARD_INCLUDING_64_BIT)";
				CLANG_CXX_LANGUAGE_STANDARD = "gnu++0x";
				CLANG_CXX_LIBRARY = "libc++";
				CLANG_ENABLE_MODULES = YES;
				CLANG_ENABLE_OBJC_ARC = YES;
				CLANG_WARN_BOOL_CONVERSION = YES;
				CLANG_WARN_CONSTANT_CONVERSION = YES;
				CLANG_WARN_DIRECT_OBJC_ISA_USAGE = YES_ERROR;
				CLANG_WARN_EMPTY_BODY = YES;
				CLANG_WARN_ENUM_CONVERSION = YES;
				CLANG_WARN_INT_CONVERSION = YES;
				CLANG_WARN_OBJC_ROOT_CLASS = YES_ERROR;
				CLANG_WARN__DUPLICATE_METHOD_MATCH = YES;
				"CODE_SIGN_IDENTITY[sdk=iphoneos*]" = "iPhone Developer";
				COPY_PHASE_STRIP = YES;
				ENABLE_NS_ASSERTIONS = NO;
				GCC_C_LANGUAGE_STANDARD = gnu99;
				GCC_WARN_64_TO_32_BIT_CONVERSION = YES;
				GCC_WARN_ABOUT_RETURN_TYPE = YES_ERROR;
				GCC_WARN_UNDECLARED_SELECTOR = YES;
				GCC_WARN_UNINITIALIZED_AUTOS = YES;
				GCC_WARN_UNUSED_FUNCTION = YES;
				GCC_WARN_UNUSED_VARIABLE = YES;
				IPHONEOS_DEPLOYMENT_TARGET = 7.0;
				SDKROOT = iphoneos;
				VALIDATE_PRODUCT = YES;
			};
			name = Release;
		};
		C66E16DA184BDFA10008FAC1 /* Debug */ = {
			isa = XCBuildConfiguration;
			buildSettings = {
				ASSETCATALOG_COMPILER_APPICON_NAME = AppIcon;
				ASSETCATALOG_COMPILER_LAUNCHIMAGE_NAME = LaunchImage;
				GCC_PRECOMPILE_PREFIX_HEADER = YES;
				GCC_PREFIX_HEADER = "ColorBlind2/ColorBlind2-Prefix.pch";
				INFOPLIST_FILE = "ColorBlind2/ColorBlind2-Info.plist";
				PRODUCT_NAME = "$(TARGET_NAME)";
				WRAPPER_EXTENSION = app;
			};
			name = Debug;
		};
		C66E16DB184BDFA10008FAC1 /* Release */ = {
			isa = XCBuildConfiguration;
			buildSettings = {
				ASSETCATALOG_COMPILER_APPICON_NAME = AppIcon;
				ASSETCATALOG_COMPILER_LAUNCHIMAGE_NAME = LaunchImage;
				GCC_PRECOMPILE_PREFIX_HEADER = YES;
				GCC_PREFIX_HEADER = "ColorBlind2/ColorBlind2-Prefix.pch";
				INFOPLIST_FILE = "ColorBlind2/ColorBlind2-Info.plist";
				PRODUCT_NAME = "$(TARGET_NAME)";
				WRAPPER_EXTENSION = app;
			};
			name = Release;
		};
		C66E16DD184BDFA10008FAC1 /* Debug */ = {
			isa = XCBuildConfiguration;
			buildSettings = {
				ARCHS = "$(ARCHS_STANDARD_INCLUDING_64_BIT)";
				BUNDLE_LOADER = "$(BUILT_PRODUCTS_DIR)/ColorBlind2.app/ColorBlind2";
				FRAMEWORK_SEARCH_PATHS = (
					"$(SDKROOT)/Developer/Library/Frameworks",
					"$(inherited)",
					"$(DEVELOPER_FRAMEWORKS_DIR)",
				);
				GCC_PRECOMPILE_PREFIX_HEADER = YES;
				GCC_PREFIX_HEADER = "ColorBlind2/ColorBlind2-Prefix.pch";
				GCC_PREPROCESSOR_DEFINITIONS = (
					"DEBUG=1",
					"$(inherited)",
				);
				INFOPLIST_FILE = "ColorBlind2Tests/ColorBlind2Tests-Info.plist";
				PRODUCT_NAME = "$(TARGET_NAME)";
				TEST_HOST = "$(BUNDLE_LOADER)";
				WRAPPER_EXTENSION = xctest;
			};
			name = Debug;
		};
		C66E16DE184BDFA10008FAC1 /* Release */ = {
			isa = XCBuildConfiguration;
			buildSettings = {
				ARCHS = "$(ARCHS_STANDARD_INCLUDING_64_BIT)";
				BUNDLE_LOADER = "$(BUILT_PRODUCTS_DIR)/ColorBlind2.app/ColorBlind2";
				FRAMEWORK_SEARCH_PATHS = (
					"$(SDKROOT)/Developer/Library/Frameworks",
					"$(inherited)",
					"$(DEVELOPER_FRAMEWORKS_DIR)",
				);
				GCC_PRECOMPILE_PREFIX_HEADER = YES;
				GCC_PREFIX_HEADER = "ColorBlind2/ColorBlind2-Prefix.pch";
				INFOPLIST_FILE = "ColorBlind2Tests/ColorBlind2Tests-Info.plist";
				PRODUCT_NAME = "$(TARGET_NAME)";
				TEST_HOST = "$(BUNDLE_LOADER)";
				WRAPPER_EXTENSION = xctest;
			};
			name = Release;
		};
/* End XCBuildConfiguration section */

/* Begin XCConfigurationList section */
		C66E169F184BDFA10008FAC1 /* Build configuration list for PBXProject "ColorBlind2" */ = {
			isa = XCConfigurationList;
			buildConfigurations = (
				C66E16D7184BDFA10008FAC1 /* Debug */,
				C66E16D8184BDFA10008FAC1 /* Release */,
			);
			defaultConfigurationIsVisible = 0;
			defaultConfigurationName = Release;
		};
		C66E16D9184BDFA10008FAC1 /* Build configuration list for PBXNativeTarget "ColorBlind2" */ = {
			isa = XCConfigurationList;
			buildConfigurations = (
				C66E16DA184BDFA10008FAC1 /* Debug */,
				C66E16DB184BDFA10008FAC1 /* Release */,
			);
			defaultConfigurationIsVisible = 0;
			defaultConfigurationName = Release;
		};
		C66E16DC184BDFA10008FAC1 /* Build configuration list for PBXNativeTarget "ColorBlind2Tests" */ = {
			isa = XCConfigurationList;
			buildConfigurations = (
				C66E16DD184BDFA10008FAC1 /* Debug */,
				C66E16DE184BDFA10008FAC1 /* Release */,
			);
			defaultConfigurationIsVisible = 0;
			defaultConfigurationName = Release;
		};
/* End XCConfigurationList section */
	};
	rootObject = C66E169C184BDFA10008FAC1 /* Project object */;
}
